
Microsoft Visual Studio Solution File, Format Version 12.00
# Visual Studio Version 16
VisualStudioVersion = 16.0.31229.75
MinimumVisualStudioVersion = 10.0.40219.1
Project("{2150E333-8FDC-42A3-9474-1A3956D46DE8}") = "platform", "platform", "{45077DFB-D35A-4491-993C-2AC4C8AC838E}"
EndProject
Project("{2150E333-8FDC-42A3-9474-1A3956D46DE8}") = "modules", "modules", "{5B29B975-B0AC-46B3-8398-4C8A22EAE355}"
EndProject
Project("{2150E333-8FDC-42A3-9474-1A3956D46DE8}") = "src", "src", "{38F30F45-7DB6-4097-BA85-788ACCCBC5F2}"
EndProject
Project("{2150E333-8FDC-42A3-9474-1A3956D46DE8}") = "theme-module", "theme-module", "{CECF53EA-1D9B-4E22-86F1-9B8AC3E308B0}"
EndProject
Project("{2150E333-8FDC-42A3-9474-1A3956D46DE8}") = "portal-module", "portal-module", "{F09C9B82-734C-4CBE-8B4A-C3F17F4AE84B}"
EndProject
Project("{9A19103F-16F7-4668-BE54-9A1E7A4F7556}") = "Mix.Heart", "..\mix.heart\src\Mix.Heart\Mix.Heart.csproj", "{93154D3A-922B-456C-AAC6-08D68CC64EDB}"
EndProject
Project("{2150E333-8FDC-42A3-9474-1A3956D46DE8}") = "applications", "applications", "{4E880812-C336-4EB2-9FED-2E437957F50A}"
EndProject
Project("{2150E333-8FDC-42A3-9474-1A3956D46DE8}") = "web-application", "web-application", "{0749F12C-E94A-4B34-A8A8-880FA02CDB6C}"
EndProject
Project("{9A19103F-16F7-4668-BE54-9A1E7A4F7556}") = "mixcore", "src\applications\web-application\mixcore.csproj", "{21121E2F-4570-42D1-AA5E-A37E3B7F84E9}"
EndProject
Project("{9A19103F-16F7-4668-BE54-9A1E7A4F7556}") = "mix.library", "src\platform\mix.library\mix.library.csproj", "{5CC5900C-50FE-4D78-9E4F-7CE267355622}"
EndProject
Project("{9A19103F-16F7-4668-BE54-9A1E7A4F7556}") = "mix.theme", "src\modules\theme-module\mix.theme.csproj", "{80122D42-F8FC-4228-BE98-378BA6AACA28}"
EndProject
Global
	GlobalSection(SolutionConfigurationPlatforms) = preSolution
		Debug|Any CPU = Debug|Any CPU
		Release|Any CPU = Release|Any CPU
	EndGlobalSection
	GlobalSection(ProjectConfigurationPlatforms) = postSolution
		{93154D3A-922B-456C-AAC6-08D68CC64EDB}.Debug|Any CPU.ActiveCfg = Debug|Any CPU
		{93154D3A-922B-456C-AAC6-08D68CC64EDB}.Debug|Any CPU.Build.0 = Debug|Any CPU
		{93154D3A-922B-456C-AAC6-08D68CC64EDB}.Release|Any CPU.ActiveCfg = Release|Any CPU
		{93154D3A-922B-456C-AAC6-08D68CC64EDB}.Release|Any CPU.Build.0 = Release|Any CPU
		{21121E2F-4570-42D1-AA5E-A37E3B7F84E9}.Debug|Any CPU.ActiveCfg = Debug|Any CPU
		{21121E2F-4570-42D1-AA5E-A37E3B7F84E9}.Debug|Any CPU.Build.0 = Debug|Any CPU
		{21121E2F-4570-42D1-AA5E-A37E3B7F84E9}.Release|Any CPU.ActiveCfg = Release|Any CPU
		{21121E2F-4570-42D1-AA5E-A37E3B7F84E9}.Release|Any CPU.Build.0 = Release|Any CPU
		{5CC5900C-50FE-4D78-9E4F-7CE267355622}.Debug|Any CPU.ActiveCfg = Debug|Any CPU
		{5CC5900C-50FE-4D78-9E4F-7CE267355622}.Debug|Any CPU.Build.0 = Debug|Any CPU
		{5CC5900C-50FE-4D78-9E4F-7CE267355622}.Release|Any CPU.ActiveCfg = Release|Any CPU
		{5CC5900C-50FE-4D78-9E4F-7CE267355622}.Release|Any CPU.Build.0 = Release|Any CPU
		{80122D42-F8FC-4228-BE98-378BA6AACA28}.Debug|Any CPU.ActiveCfg = Debug|Any CPU
		{80122D42-F8FC-4228-BE98-378BA6AACA28}.Debug|Any CPU.Build.0 = Debug|Any CPU
		{80122D42-F8FC-4228-BE98-378BA6AACA28}.Release|Any CPU.ActiveCfg = Release|Any CPU
		{80122D42-F8FC-4228-BE98-378BA6AACA28}.Release|Any CPU.Build.0 = Release|Any CPU
	EndGlobalSection
	GlobalSection(SolutionProperties) = preSolution
		HideSolutionNode = FALSE
	EndGlobalSection
	GlobalSection(NestedProjects) = preSolution
		{45077DFB-D35A-4491-993C-2AC4C8AC838E} = {38F30F45-7DB6-4097-BA85-788ACCCBC5F2}
		{5B29B975-B0AC-46B3-8398-4C8A22EAE355} = {38F30F45-7DB6-4097-BA85-788ACCCBC5F2}
		{CECF53EA-1D9B-4E22-86F1-9B8AC3E308B0} = {5B29B975-B0AC-46B3-8398-4C8A22EAE355}
		{F09C9B82-734C-4CBE-8B4A-C3F17F4AE84B} = {5B29B975-B0AC-46B3-8398-4C8A22EAE355}
		{93154D3A-922B-456C-AAC6-08D68CC64EDB} = {45077DFB-D35A-4491-993C-2AC4C8AC838E}
		{4E880812-C336-4EB2-9FED-2E437957F50A} = {38F30F45-7DB6-4097-BA85-788ACCCBC5F2}
		{0749F12C-E94A-4B34-A8A8-880FA02CDB6C} = {4E880812-C336-4EB2-9FED-2E437957F50A}
		{21121E2F-4570-42D1-AA5E-A37E3B7F84E9} = {0749F12C-E94A-4B34-A8A8-880FA02CDB6C}
		{5CC5900C-50FE-4D78-9E4F-7CE267355622} = {45077DFB-D35A-4491-993C-2AC4C8AC838E}
		{80122D42-F8FC-4228-BE98-378BA6AACA28} = {CECF53EA-1D9B-4E22-86F1-9B8AC3E308B0}
	EndGlobalSection
	GlobalSection(ExtensibilityGlobals) = postSolution
		SolutionGuid = {0143C230-7F40-44B2-8BA3-EF5B92D55848}
	EndGlobalSection
EndGlobal
