
Microsoft Visual Studio Solution File, Format Version 12.00
# Visual Studio Version 17
VisualStudioVersion = 17.0.31903.59
MinimumVisualStudioVersion = 10.0.40219.1
Project("{2150E333-8FDC-42A3-9474-1A3956D46DE8}") = "src", "src", "{47325727-2298-4AB1-BD62-DBC936CF428E}"
EndProject
Project("{2150E333-8FDC-42A3-9474-1A3956D46DE8}") = "lvl0", "lvl0", "{3E4D0079-0022-44E5-9E80-CDD144BC1FCA}"
EndProject
Project("{2150E333-8FDC-42A3-9474-1A3956D46DE8}") = "lvl1", "lvl1", "{90457F11-3B92-4B45-B17B-02C1D5ABEA67}"
EndProject
Project("{2150E333-8FDC-42A3-9474-1A3956D46DE8}") = "lvl2", "lvl2", "{2A258019-B49F-4707-9B5B-B09C4C63672B}"
EndProject
Project("{9A19103F-16F7-4668-BE54-9A1E7A4F7556}") = "Mix.Heart", "src\platform\core\mix-heart\src\Mix.Heart\Mix.Heart.csproj", "{C2A0785F-3951-402F-B7B9-B55E1393BFFA}"
EndProject
Project("{9A19103F-16F7-4668-BE54-9A1E7A4F7556}") = "mix.mixdb.event", "src\platform\core\mix.mixdb.event\mix.mixdb.event.csproj", "{FBBC06C8-C708-40FE-8E3E-570CDF0571B7}"
EndProject
Project("{9A19103F-16F7-4668-BE54-9A1E7A4F7556}") = "mix.communicator", "src\platform\mix.communicator\mix.communicator.csproj", "{5A68F6D1-4D0A-4D02-A955-E7BFF468B361}"
EndProject
Project("{9A19103F-16F7-4668-BE54-9A1E7A4F7556}") = "mix.constant", "src\platform\mix.constant\mix.constant.csproj", "{AD5E729D-2770-4642-B498-5B9769ECD994}"
EndProject
Project("{9A19103F-16F7-4668-BE54-9A1E7A4F7556}") = "mix.database", "src\platform\mix.database\mix.database.csproj", "{CB3C4074-8237-47FA-9609-B0C6E3B355C4}"
EndProject
Project("{9A19103F-16F7-4668-BE54-9A1E7A4F7556}") = "mix.identity", "src\platform\mix.identity\mix.identity.csproj", "{38643BAE-3E8F-4B9F-A089-481F3E2C180B}"
EndProject
Project("{9A19103F-16F7-4668-BE54-9A1E7A4F7556}") = "mix.library", "src\platform\mix.library\mix.library.csproj", "{D60F1D8E-D8C3-4642-A47F-4B83D7F357EF}"
EndProject
Project("{9A19103F-16F7-4668-BE54-9A1E7A4F7556}") = "mix.quartz", "src\platform\mix.quartz\mix.quartz.csproj", "{F91122E6-0365-4292-9F7B-4EEB328F3270}"
EndProject
Project("{9A19103F-16F7-4668-BE54-9A1E7A4F7556}") = "mix.queue", "src\platform\mix.queue\mix.queue.csproj", "{D5B879D1-CC79-4D9C-B2D4-79CFA8B7FA17}"
EndProject
Project("{9A19103F-16F7-4668-BE54-9A1E7A4F7556}") = "mix.repodb", "src\platform\mix.repodb\mix.repodb.csproj", "{5AA3A18E-6699-4D6B-A1D2-66CFDD58B967}"
EndProject
Project("{9A19103F-16F7-4668-BE54-9A1E7A4F7556}") = "mix.service", "src\platform\mix.service\mix.service.csproj", "{DF131176-9D77-4062-B956-BC8E0ED5E80E}"
EndProject
Project("{9A19103F-16F7-4668-BE54-9A1E7A4F7556}") = "mix.shared", "src\platform\mix.shared\mix.shared.csproj", "{7393C927-87B5-4C4F-8754-2A512FEECAF7}"
EndProject
Project("{9A19103F-16F7-4668-BE54-9A1E7A4F7556}") = "mix.signalr", "src\platform\mix.signalr\mix.signalr.csproj", "{68238647-A2E8-458D-9AC2-CEDD4C20BEC2}"
EndProject
Project("{9A19103F-16F7-4668-BE54-9A1E7A4F7556}") = "mix.signalr.hub", "src\platform\mix.signalr.hub\mix.signalr.hub.csproj", "{6A194401-B302-4C56-BE4B-D7B46871916E}"
EndProject
Project("{9A19103F-16F7-4668-BE54-9A1E7A4F7556}") = "mix.storage.lib", "src\platform\mix.storage.lib\mix.storage.lib.csproj", "{56811C51-138B-4A47-9BDA-FF45C659B63D}"
EndProject
Project("{2150E333-8FDC-42A3-9474-1A3956D46DE8}") = "tests", "tests", "{01CE08D9-DCC9-43BF-B817-8DC3CEA64EA4}"
EndProject
Project("{9A19103F-16F7-4668-BE54-9A1E7A4F7556}") = "mix.xunittest", "src\test\mix.xunittest\mix.xunittest.csproj", "{31514114-264C-439D-A94E-9F0EBA8ECAEC}"
EndProject
Project("{2150E333-8FDC-42A3-9474-1A3956D46DE8}") = "solution items", "solution items", "{7E45E45E-FF8B-43EF-82E8-74B15BBF3784}"
	ProjectSection(SolutionItems) = preProject
		.gitattributes = .gitattributes
		.gitignore = .gitignore
		.gitmodules = .gitmodules
		README.md = README.md
	EndProjectSection
EndProject
Project("{9A19103F-16F7-4668-BE54-9A1E7A4F7556}") = "mix.services.ecommerce.lib", "src\services\ecommerces\mix.services.ecommerce.lib\mix.services.ecommerce.lib.csproj", "{5E68E2A9-F439-4774-9244-F278E6D86DC3}"
EndProject
Project("{9A19103F-16F7-4668-BE54-9A1E7A4F7556}") = "mix.services.graphql.lib", "src\services\graphql\mix.services.graphql.lib\mix.services.graphql.lib.csproj", "{6350C7EC-4542-4290-97E2-88266C20B8AE}"
EndProject
Project("{9A19103F-16F7-4668-BE54-9A1E7A4F7556}") = "mix.services.databases.lib", "src\services\mix-databases\mix.services.databases.lib\mix.services.databases.lib.csproj", "{52009EFD-A7B5-4575-8CA9-909820D8A8DF}"
EndProject
Project("{9A19103F-16F7-4668-BE54-9A1E7A4F7556}") = "mix.services.databases", "src\services\mix-databases\mix.servives.databases\mix.services.databases.csproj", "{448955C7-54E2-4977-BB36-B6B412628FA3}"
EndProject
Project("{9A19103F-16F7-4668-BE54-9A1E7A4F7556}") = "mix.services.ecommerce", "src\services\ecommerces\mix.services.ecommerce\mix.services.ecommerce.csproj", "{B2765C23-A51F-43BE-B5B4-58FC42919725}"
EndProject
Project("{9A19103F-16F7-4668-BE54-9A1E7A4F7556}") = "mix.services.graphql", "src\services\graphql\mix.services.graphql\mix.services.graphql.csproj", "{C90B18E9-F66C-4A46-9863-6336433F84F3}"
EndProject
Project("{2150E333-8FDC-42A3-9474-1A3956D46DE8}") = "lvl3", "lvl3", "{2E82701B-B905-43F9-98A0-E15C11540B96}"
EndProject
Project("{9A19103F-16F7-4668-BE54-9A1E7A4F7556}") = "mix.account", "src\modules\mix.account\mix.account.csproj", "{EC4DDA68-9968-4655-8378-F9E03DBB4E01}"
EndProject
Project("{9A19103F-16F7-4668-BE54-9A1E7A4F7556}") = "mix.common", "src\modules\mix.common\mix.common.csproj", "{4CC16B18-C374-4EA4-9ECC-77B568B443D2}"
EndProject
Project("{9A19103F-16F7-4668-BE54-9A1E7A4F7556}") = "mix.grpc", "src\modules\mix.grpc\mix.grpc.csproj", "{9110AF75-EBB8-40D5-B82E-5695AA4CB45F}"
EndProject
Project("{9A19103F-16F7-4668-BE54-9A1E7A4F7556}") = "mix.messenger", "src\modules\mix.messenger\mix.messenger.csproj", "{C5C93238-7AFF-488C-9E3F-D246C197B176}"
EndProject
Project("{9A19103F-16F7-4668-BE54-9A1E7A4F7556}") = "mix.portal", "src\modules\mix.portal\mix.portal.csproj", "{0D405472-E13A-4277-B6D2-2ADE478189E3}"
EndProject
Project("{9A19103F-16F7-4668-BE54-9A1E7A4F7556}") = "mix.storage", "src\modules\mix.storage\mix.storage.csproj", "{DE2C1D58-26CC-4C41-B690-B0D34153BEA0}"
EndProject
Project("{9A19103F-16F7-4668-BE54-9A1E7A4F7556}") = "mix.tenancy", "src\modules\mix.tenancy\mix.tenancy.csproj", "{DB1EADFC-2FE1-4797-A751-00A4952C1B9A}"
EndProject
Project("{9A19103F-16F7-4668-BE54-9A1E7A4F7556}") = "mix.scheduler", "src\modules\mix.scheduler\mix.scheduler.csproj", "{04557166-482F-43B7-9F97-F8C3CD12E984}"
EndProject
Project("{9A19103F-16F7-4668-BE54-9A1E7A4F7556}") = "mixcore", "src\applications\Mixcore\mixcore.csproj", "{5492ED63-B88D-4A04-BB76-339C094F85CF}"
EndProject
Project("{9A19103F-16F7-4668-BE54-9A1E7A4F7556}") = "mixcore.gateway", "src\applications\mixcore.gateway\mixcore.gateway.csproj", "{B8B22A0B-8165-4BD3-9A56-E88353473E21}"
EndProject
Project("{2150E333-8FDC-42A3-9474-1A3956D46DE8}") = "shared", "shared", "{51E5A1BD-75AD-42BC-9220-F0C016A62216}"
	ProjectSection(SolutionItems) = preProject
		src\shared\MixContent\default.zip = src\shared\MixContent\default.zip
	EndProjectSection
EndProject
Project("{2150E333-8FDC-42A3-9474-1A3956D46DE8}") = "configurations", "configurations", "{F00C1402-7FB5-46D9-98A9-0A846C738130}"
	ProjectSection(SolutionItems) = preProject
		src\shared\MixContent\Shared\AppConfigs\authentication.json = src\shared\MixContent\Shared\AppConfigs\authentication.json
		src\shared\MixContent\Shared\AppConfigs\azure.json = src\shared\MixContent\Shared\AppConfigs\azure.json
		src\shared\MixContent\Shared\AppConfigs\configuration.json = src\shared\MixContent\Shared\AppConfigs\configuration.json
		src\shared\MixContent\Shared\AppConfigs\database.json = src\shared\MixContent\Shared\AppConfigs\database.json
		src\shared\MixContent\Shared\AppConfigs\endpoint.json = src\shared\MixContent\Shared\AppConfigs\endpoint.json
		src\shared\MixContent\Shared\AppConfigs\epplus.json = src\shared\MixContent\Shared\AppConfigs\epplus.json
		src\shared\MixContent\Shared\AppConfigs\global.json = src\shared\MixContent\Shared\AppConfigs\global.json
		src\shared\MixContent\Shared\AppConfigs\google_credential.json = src\shared\MixContent\Shared\AppConfigs\google_credential.json
		src\shared\MixContent\Shared\AppConfigs\google_firebase.json = src\shared\MixContent\Shared\AppConfigs\google_firebase.json
		src\shared\MixContent\Shared\AppConfigs\ip_security.json = src\shared\MixContent\Shared\AppConfigs\ip_security.json
		src\shared\MixContent\Shared\AppConfigs\log.json = src\shared\MixContent\Shared\AppConfigs\log.json
		src\shared\MixContent\Shared\AppConfigs\mix_heart.json = src\shared\MixContent\Shared\AppConfigs\mix_heart.json
		src\shared\MixContent\Shared\AppConfigs\ocelot.json = src\shared\MixContent\Shared\AppConfigs\ocelot.json
		src\shared\MixContent\Shared\AppConfigs\payments.json = src\shared\MixContent\Shared\AppConfigs\payments.json
		src\shared\MixContent\Shared\AppConfigs\portal.json = src\shared\MixContent\Shared\AppConfigs\portal.json
		src\shared\MixContent\Shared\AppConfigs\quartz.json = src\shared\MixContent\Shared\AppConfigs\quartz.json
		src\shared\MixContent\Shared\AppConfigs\queue.json = src\shared\MixContent\Shared\AppConfigs\queue.json
		src\shared\MixContent\Shared\AppConfigs\rate_limit.json = src\shared\MixContent\Shared\AppConfigs\rate_limit.json
		src\shared\MixContent\Shared\AppConfigs\redis.json = src\shared\MixContent\Shared\AppConfigs\redis.json
		src\shared\MixContent\Shared\AppConfigs\smtp.json = src\shared\MixContent\Shared\AppConfigs\smtp.json
		src\shared\MixContent\Shared\AppConfigs\storage.json = src\shared\MixContent\Shared\AppConfigs\storage.json
		src\shared\MixContent\Shared\AppConfigs\translator.json = src\shared\MixContent\Shared\AppConfigs\translator.json
	EndProjectSection
EndProject
Project("{2150E333-8FDC-42A3-9474-1A3956D46DE8}") = "templates", "templates", "{999A959B-80CB-427A-BC09-A52E26B5A6DD}"
	ProjectSection(SolutionItems) = preProject
		src\shared\MixContent\Templates\_ViewImports.cshtml = src\shared\MixContent\Templates\_ViewImports.cshtml
		src\shared\MixContent\Templates\_ViewStart.cshtml = src\shared\MixContent\Templates\_ViewStart.cshtml
	EndProjectSection
EndProject
Global
	GlobalSection(SolutionConfigurationPlatforms) = preSolution
		Debug|Any CPU = Debug|Any CPU
		Release|Any CPU = Release|Any CPU
	EndGlobalSection
	GlobalSection(ProjectConfigurationPlatforms) = postSolution
		{C2A0785F-3951-402F-B7B9-B55E1393BFFA}.Debug|Any CPU.ActiveCfg = Debug|Any CPU
		{C2A0785F-3951-402F-B7B9-B55E1393BFFA}.Debug|Any CPU.Build.0 = Debug|Any CPU
		{C2A0785F-3951-402F-B7B9-B55E1393BFFA}.Release|Any CPU.ActiveCfg = Release|Any CPU
		{C2A0785F-3951-402F-B7B9-B55E1393BFFA}.Release|Any CPU.Build.0 = Release|Any CPU
		{FBBC06C8-C708-40FE-8E3E-570CDF0571B7}.Debug|Any CPU.ActiveCfg = Debug|Any CPU
		{FBBC06C8-C708-40FE-8E3E-570CDF0571B7}.Debug|Any CPU.Build.0 = Debug|Any CPU
		{FBBC06C8-C708-40FE-8E3E-570CDF0571B7}.Release|Any CPU.ActiveCfg = Release|Any CPU
		{FBBC06C8-C708-40FE-8E3E-570CDF0571B7}.Release|Any CPU.Build.0 = Release|Any CPU
		{5A68F6D1-4D0A-4D02-A955-E7BFF468B361}.Debug|Any CPU.ActiveCfg = Debug|Any CPU
		{5A68F6D1-4D0A-4D02-A955-E7BFF468B361}.Debug|Any CPU.Build.0 = Debug|Any CPU
		{5A68F6D1-4D0A-4D02-A955-E7BFF468B361}.Release|Any CPU.ActiveCfg = Release|Any CPU
		{5A68F6D1-4D0A-4D02-A955-E7BFF468B361}.Release|Any CPU.Build.0 = Release|Any CPU
		{AD5E729D-2770-4642-B498-5B9769ECD994}.Debug|Any CPU.ActiveCfg = Debug|Any CPU
		{AD5E729D-2770-4642-B498-5B9769ECD994}.Debug|Any CPU.Build.0 = Debug|Any CPU
		{AD5E729D-2770-4642-B498-5B9769ECD994}.Release|Any CPU.ActiveCfg = Release|Any CPU
		{AD5E729D-2770-4642-B498-5B9769ECD994}.Release|Any CPU.Build.0 = Release|Any CPU
		{CB3C4074-8237-47FA-9609-B0C6E3B355C4}.Debug|Any CPU.ActiveCfg = Debug|Any CPU
		{CB3C4074-8237-47FA-9609-B0C6E3B355C4}.Debug|Any CPU.Build.0 = Debug|Any CPU
		{CB3C4074-8237-47FA-9609-B0C6E3B355C4}.Release|Any CPU.ActiveCfg = Release|Any CPU
		{CB3C4074-8237-47FA-9609-B0C6E3B355C4}.Release|Any CPU.Build.0 = Release|Any CPU
		{38643BAE-3E8F-4B9F-A089-481F3E2C180B}.Debug|Any CPU.ActiveCfg = Debug|Any CPU
		{38643BAE-3E8F-4B9F-A089-481F3E2C180B}.Debug|Any CPU.Build.0 = Debug|Any CPU
		{38643BAE-3E8F-4B9F-A089-481F3E2C180B}.Release|Any CPU.ActiveCfg = Release|Any CPU
		{38643BAE-3E8F-4B9F-A089-481F3E2C180B}.Release|Any CPU.Build.0 = Release|Any CPU
		{D60F1D8E-D8C3-4642-A47F-4B83D7F357EF}.Debug|Any CPU.ActiveCfg = Debug|Any CPU
		{D60F1D8E-D8C3-4642-A47F-4B83D7F357EF}.Debug|Any CPU.Build.0 = Debug|Any CPU
		{D60F1D8E-D8C3-4642-A47F-4B83D7F357EF}.Release|Any CPU.ActiveCfg = Release|Any CPU
		{D60F1D8E-D8C3-4642-A47F-4B83D7F357EF}.Release|Any CPU.Build.0 = Release|Any CPU
		{F91122E6-0365-4292-9F7B-4EEB328F3270}.Debug|Any CPU.ActiveCfg = Debug|Any CPU
		{F91122E6-0365-4292-9F7B-4EEB328F3270}.Debug|Any CPU.Build.0 = Debug|Any CPU
		{F91122E6-0365-4292-9F7B-4EEB328F3270}.Release|Any CPU.ActiveCfg = Release|Any CPU
		{F91122E6-0365-4292-9F7B-4EEB328F3270}.Release|Any CPU.Build.0 = Release|Any CPU
		{D5B879D1-CC79-4D9C-B2D4-79CFA8B7FA17}.Debug|Any CPU.ActiveCfg = Debug|Any CPU
		{D5B879D1-CC79-4D9C-B2D4-79CFA8B7FA17}.Debug|Any CPU.Build.0 = Debug|Any CPU
		{D5B879D1-CC79-4D9C-B2D4-79CFA8B7FA17}.Release|Any CPU.ActiveCfg = Release|Any CPU
		{D5B879D1-CC79-4D9C-B2D4-79CFA8B7FA17}.Release|Any CPU.Build.0 = Release|Any CPU
		{5AA3A18E-6699-4D6B-A1D2-66CFDD58B967}.Debug|Any CPU.ActiveCfg = Debug|Any CPU
		{5AA3A18E-6699-4D6B-A1D2-66CFDD58B967}.Debug|Any CPU.Build.0 = Debug|Any CPU
		{5AA3A18E-6699-4D6B-A1D2-66CFDD58B967}.Release|Any CPU.ActiveCfg = Release|Any CPU
		{5AA3A18E-6699-4D6B-A1D2-66CFDD58B967}.Release|Any CPU.Build.0 = Release|Any CPU
		{DF131176-9D77-4062-B956-BC8E0ED5E80E}.Debug|Any CPU.ActiveCfg = Debug|Any CPU
		{DF131176-9D77-4062-B956-BC8E0ED5E80E}.Debug|Any CPU.Build.0 = Debug|Any CPU
		{DF131176-9D77-4062-B956-BC8E0ED5E80E}.Release|Any CPU.ActiveCfg = Release|Any CPU
		{DF131176-9D77-4062-B956-BC8E0ED5E80E}.Release|Any CPU.Build.0 = Release|Any CPU
		{7393C927-87B5-4C4F-8754-2A512FEECAF7}.Debug|Any CPU.ActiveCfg = Debug|Any CPU
		{7393C927-87B5-4C4F-8754-2A512FEECAF7}.Debug|Any CPU.Build.0 = Debug|Any CPU
		{7393C927-87B5-4C4F-8754-2A512FEECAF7}.Release|Any CPU.ActiveCfg = Release|Any CPU
		{7393C927-87B5-4C4F-8754-2A512FEECAF7}.Release|Any CPU.Build.0 = Release|Any CPU
		{68238647-A2E8-458D-9AC2-CEDD4C20BEC2}.Debug|Any CPU.ActiveCfg = Debug|Any CPU
		{68238647-A2E8-458D-9AC2-CEDD4C20BEC2}.Debug|Any CPU.Build.0 = Debug|Any CPU
		{68238647-A2E8-458D-9AC2-CEDD4C20BEC2}.Release|Any CPU.ActiveCfg = Release|Any CPU
		{68238647-A2E8-458D-9AC2-CEDD4C20BEC2}.Release|Any CPU.Build.0 = Release|Any CPU
		{6A194401-B302-4C56-BE4B-D7B46871916E}.Debug|Any CPU.ActiveCfg = Debug|Any CPU
		{6A194401-B302-4C56-BE4B-D7B46871916E}.Debug|Any CPU.Build.0 = Debug|Any CPU
		{6A194401-B302-4C56-BE4B-D7B46871916E}.Release|Any CPU.ActiveCfg = Release|Any CPU
		{6A194401-B302-4C56-BE4B-D7B46871916E}.Release|Any CPU.Build.0 = Release|Any CPU
		{56811C51-138B-4A47-9BDA-FF45C659B63D}.Debug|Any CPU.ActiveCfg = Debug|Any CPU
		{56811C51-138B-4A47-9BDA-FF45C659B63D}.Debug|Any CPU.Build.0 = Debug|Any CPU
		{56811C51-138B-4A47-9BDA-FF45C659B63D}.Release|Any CPU.ActiveCfg = Release|Any CPU
		{56811C51-138B-4A47-9BDA-FF45C659B63D}.Release|Any CPU.Build.0 = Release|Any CPU
		{31514114-264C-439D-A94E-9F0EBA8ECAEC}.Debug|Any CPU.ActiveCfg = Debug|Any CPU
		{31514114-264C-439D-A94E-9F0EBA8ECAEC}.Debug|Any CPU.Build.0 = Debug|Any CPU
		{31514114-264C-439D-A94E-9F0EBA8ECAEC}.Release|Any CPU.ActiveCfg = Release|Any CPU
		{31514114-264C-439D-A94E-9F0EBA8ECAEC}.Release|Any CPU.Build.0 = Release|Any CPU
		{5E68E2A9-F439-4774-9244-F278E6D86DC3}.Debug|Any CPU.ActiveCfg = Debug|Any CPU
		{5E68E2A9-F439-4774-9244-F278E6D86DC3}.Debug|Any CPU.Build.0 = Debug|Any CPU
		{5E68E2A9-F439-4774-9244-F278E6D86DC3}.Release|Any CPU.ActiveCfg = Release|Any CPU
		{5E68E2A9-F439-4774-9244-F278E6D86DC3}.Release|Any CPU.Build.0 = Release|Any CPU
		{6350C7EC-4542-4290-97E2-88266C20B8AE}.Debug|Any CPU.ActiveCfg = Debug|Any CPU
		{6350C7EC-4542-4290-97E2-88266C20B8AE}.Debug|Any CPU.Build.0 = Debug|Any CPU
		{6350C7EC-4542-4290-97E2-88266C20B8AE}.Release|Any CPU.ActiveCfg = Release|Any CPU
		{6350C7EC-4542-4290-97E2-88266C20B8AE}.Release|Any CPU.Build.0 = Release|Any CPU
		{52009EFD-A7B5-4575-8CA9-909820D8A8DF}.Debug|Any CPU.ActiveCfg = Debug|Any CPU
		{52009EFD-A7B5-4575-8CA9-909820D8A8DF}.Debug|Any CPU.Build.0 = Debug|Any CPU
		{52009EFD-A7B5-4575-8CA9-909820D8A8DF}.Release|Any CPU.ActiveCfg = Release|Any CPU
		{52009EFD-A7B5-4575-8CA9-909820D8A8DF}.Release|Any CPU.Build.0 = Release|Any CPU
		{448955C7-54E2-4977-BB36-B6B412628FA3}.Debug|Any CPU.ActiveCfg = Debug|Any CPU
		{448955C7-54E2-4977-BB36-B6B412628FA3}.Debug|Any CPU.Build.0 = Debug|Any CPU
		{448955C7-54E2-4977-BB36-B6B412628FA3}.Release|Any CPU.ActiveCfg = Release|Any CPU
		{448955C7-54E2-4977-BB36-B6B412628FA3}.Release|Any CPU.Build.0 = Release|Any CPU
		{B2765C23-A51F-43BE-B5B4-58FC42919725}.Debug|Any CPU.ActiveCfg = Debug|Any CPU
		{B2765C23-A51F-43BE-B5B4-58FC42919725}.Debug|Any CPU.Build.0 = Debug|Any CPU
		{B2765C23-A51F-43BE-B5B4-58FC42919725}.Release|Any CPU.ActiveCfg = Release|Any CPU
		{B2765C23-A51F-43BE-B5B4-58FC42919725}.Release|Any CPU.Build.0 = Release|Any CPU
		{C90B18E9-F66C-4A46-9863-6336433F84F3}.Debug|Any CPU.ActiveCfg = Debug|Any CPU
		{C90B18E9-F66C-4A46-9863-6336433F84F3}.Debug|Any CPU.Build.0 = Debug|Any CPU
		{C90B18E9-F66C-4A46-9863-6336433F84F3}.Release|Any CPU.ActiveCfg = Release|Any CPU
		{C90B18E9-F66C-4A46-9863-6336433F84F3}.Release|Any CPU.Build.0 = Release|Any CPU
		{EC4DDA68-9968-4655-8378-F9E03DBB4E01}.Debug|Any CPU.ActiveCfg = Debug|Any CPU
		{EC4DDA68-9968-4655-8378-F9E03DBB4E01}.Debug|Any CPU.Build.0 = Debug|Any CPU
		{EC4DDA68-9968-4655-8378-F9E03DBB4E01}.Release|Any CPU.ActiveCfg = Release|Any CPU
		{EC4DDA68-9968-4655-8378-F9E03DBB4E01}.Release|Any CPU.Build.0 = Release|Any CPU
		{4CC16B18-C374-4EA4-9ECC-77B568B443D2}.Debug|Any CPU.ActiveCfg = Debug|Any CPU
		{4CC16B18-C374-4EA4-9ECC-77B568B443D2}.Debug|Any CPU.Build.0 = Debug|Any CPU
		{4CC16B18-C374-4EA4-9ECC-77B568B443D2}.Release|Any CPU.ActiveCfg = Release|Any CPU
		{4CC16B18-C374-4EA4-9ECC-77B568B443D2}.Release|Any CPU.Build.0 = Release|Any CPU
		{9110AF75-EBB8-40D5-B82E-5695AA4CB45F}.Debug|Any CPU.ActiveCfg = Debug|Any CPU
		{9110AF75-EBB8-40D5-B82E-5695AA4CB45F}.Debug|Any CPU.Build.0 = Debug|Any CPU
		{9110AF75-EBB8-40D5-B82E-5695AA4CB45F}.Release|Any CPU.ActiveCfg = Release|Any CPU
		{9110AF75-EBB8-40D5-B82E-5695AA4CB45F}.Release|Any CPU.Build.0 = Release|Any CPU
		{C5C93238-7AFF-488C-9E3F-D246C197B176}.Debug|Any CPU.ActiveCfg = Debug|Any CPU
		{C5C93238-7AFF-488C-9E3F-D246C197B176}.Debug|Any CPU.Build.0 = Debug|Any CPU
		{C5C93238-7AFF-488C-9E3F-D246C197B176}.Release|Any CPU.ActiveCfg = Release|Any CPU
		{C5C93238-7AFF-488C-9E3F-D246C197B176}.Release|Any CPU.Build.0 = Release|Any CPU
		{0D405472-E13A-4277-B6D2-2ADE478189E3}.Debug|Any CPU.ActiveCfg = Debug|Any CPU
		{0D405472-E13A-4277-B6D2-2ADE478189E3}.Debug|Any CPU.Build.0 = Debug|Any CPU
		{0D405472-E13A-4277-B6D2-2ADE478189E3}.Release|Any CPU.ActiveCfg = Release|Any CPU
		{0D405472-E13A-4277-B6D2-2ADE478189E3}.Release|Any CPU.Build.0 = Release|Any CPU
		{DE2C1D58-26CC-4C41-B690-B0D34153BEA0}.Debug|Any CPU.ActiveCfg = Debug|Any CPU
		{DE2C1D58-26CC-4C41-B690-B0D34153BEA0}.Debug|Any CPU.Build.0 = Debug|Any CPU
		{DE2C1D58-26CC-4C41-B690-B0D34153BEA0}.Release|Any CPU.ActiveCfg = Release|Any CPU
		{DE2C1D58-26CC-4C41-B690-B0D34153BEA0}.Release|Any CPU.Build.0 = Release|Any CPU
		{DB1EADFC-2FE1-4797-A751-00A4952C1B9A}.Debug|Any CPU.ActiveCfg = Debug|Any CPU
		{DB1EADFC-2FE1-4797-A751-00A4952C1B9A}.Debug|Any CPU.Build.0 = Debug|Any CPU
		{DB1EADFC-2FE1-4797-A751-00A4952C1B9A}.Release|Any CPU.ActiveCfg = Release|Any CPU
		{DB1EADFC-2FE1-4797-A751-00A4952C1B9A}.Release|Any CPU.Build.0 = Release|Any CPU
		{04557166-482F-43B7-9F97-F8C3CD12E984}.Debug|Any CPU.ActiveCfg = Debug|Any CPU
		{04557166-482F-43B7-9F97-F8C3CD12E984}.Debug|Any CPU.Build.0 = Debug|Any CPU
		{04557166-482F-43B7-9F97-F8C3CD12E984}.Release|Any CPU.ActiveCfg = Release|Any CPU
		{04557166-482F-43B7-9F97-F8C3CD12E984}.Release|Any CPU.Build.0 = Release|Any CPU
		{5492ED63-B88D-4A04-BB76-339C094F85CF}.Debug|Any CPU.ActiveCfg = Debug|Any CPU
		{5492ED63-B88D-4A04-BB76-339C094F85CF}.Debug|Any CPU.Build.0 = Debug|Any CPU
		{5492ED63-B88D-4A04-BB76-339C094F85CF}.Release|Any CPU.ActiveCfg = Release|Any CPU
		{5492ED63-B88D-4A04-BB76-339C094F85CF}.Release|Any CPU.Build.0 = Release|Any CPU
		{B8B22A0B-8165-4BD3-9A56-E88353473E21}.Debug|Any CPU.ActiveCfg = Debug|Any CPU
		{B8B22A0B-8165-4BD3-9A56-E88353473E21}.Debug|Any CPU.Build.0 = Debug|Any CPU
		{B8B22A0B-8165-4BD3-9A56-E88353473E21}.Release|Any CPU.ActiveCfg = Release|Any CPU
		{B8B22A0B-8165-4BD3-9A56-E88353473E21}.Release|Any CPU.Build.0 = Release|Any CPU
	EndGlobalSection
	GlobalSection(SolutionProperties) = preSolution
		HideSolutionNode = FALSE
	EndGlobalSection
	GlobalSection(NestedProjects) = preSolution
		{3E4D0079-0022-44E5-9E80-CDD144BC1FCA} = {47325727-2298-4AB1-BD62-DBC936CF428E}
		{90457F11-3B92-4B45-B17B-02C1D5ABEA67} = {47325727-2298-4AB1-BD62-DBC936CF428E}
		{2A258019-B49F-4707-9B5B-B09C4C63672B} = {47325727-2298-4AB1-BD62-DBC936CF428E}
		{C2A0785F-3951-402F-B7B9-B55E1393BFFA} = {3E4D0079-0022-44E5-9E80-CDD144BC1FCA}
		{FBBC06C8-C708-40FE-8E3E-570CDF0571B7} = {3E4D0079-0022-44E5-9E80-CDD144BC1FCA}
		{5A68F6D1-4D0A-4D02-A955-E7BFF468B361} = {3E4D0079-0022-44E5-9E80-CDD144BC1FCA}
		{AD5E729D-2770-4642-B498-5B9769ECD994} = {3E4D0079-0022-44E5-9E80-CDD144BC1FCA}
		{CB3C4074-8237-47FA-9609-B0C6E3B355C4} = {3E4D0079-0022-44E5-9E80-CDD144BC1FCA}
		{38643BAE-3E8F-4B9F-A089-481F3E2C180B} = {3E4D0079-0022-44E5-9E80-CDD144BC1FCA}
		{D60F1D8E-D8C3-4642-A47F-4B83D7F357EF} = {3E4D0079-0022-44E5-9E80-CDD144BC1FCA}
		{F91122E6-0365-4292-9F7B-4EEB328F3270} = {3E4D0079-0022-44E5-9E80-CDD144BC1FCA}
		{D5B879D1-CC79-4D9C-B2D4-79CFA8B7FA17} = {3E4D0079-0022-44E5-9E80-CDD144BC1FCA}
		{5AA3A18E-6699-4D6B-A1D2-66CFDD58B967} = {3E4D0079-0022-44E5-9E80-CDD144BC1FCA}
		{DF131176-9D77-4062-B956-BC8E0ED5E80E} = {3E4D0079-0022-44E5-9E80-CDD144BC1FCA}
		{7393C927-87B5-4C4F-8754-2A512FEECAF7} = {3E4D0079-0022-44E5-9E80-CDD144BC1FCA}
		{68238647-A2E8-458D-9AC2-CEDD4C20BEC2} = {3E4D0079-0022-44E5-9E80-CDD144BC1FCA}
		{6A194401-B302-4C56-BE4B-D7B46871916E} = {3E4D0079-0022-44E5-9E80-CDD144BC1FCA}
		{56811C51-138B-4A47-9BDA-FF45C659B63D} = {3E4D0079-0022-44E5-9E80-CDD144BC1FCA}
		{31514114-264C-439D-A94E-9F0EBA8ECAEC} = {01CE08D9-DCC9-43BF-B817-8DC3CEA64EA4}
		{5E68E2A9-F439-4774-9244-F278E6D86DC3} = {90457F11-3B92-4B45-B17B-02C1D5ABEA67}
		{6350C7EC-4542-4290-97E2-88266C20B8AE} = {90457F11-3B92-4B45-B17B-02C1D5ABEA67}
		{52009EFD-A7B5-4575-8CA9-909820D8A8DF} = {90457F11-3B92-4B45-B17B-02C1D5ABEA67}
		{448955C7-54E2-4977-BB36-B6B412628FA3} = {2A258019-B49F-4707-9B5B-B09C4C63672B}
		{B2765C23-A51F-43BE-B5B4-58FC42919725} = {2A258019-B49F-4707-9B5B-B09C4C63672B}
		{C90B18E9-F66C-4A46-9863-6336433F84F3} = {2A258019-B49F-4707-9B5B-B09C4C63672B}
		{2E82701B-B905-43F9-98A0-E15C11540B96} = {47325727-2298-4AB1-BD62-DBC936CF428E}
		{EC4DDA68-9968-4655-8378-F9E03DBB4E01} = {2A258019-B49F-4707-9B5B-B09C4C63672B}
		{4CC16B18-C374-4EA4-9ECC-77B568B443D2} = {2A258019-B49F-4707-9B5B-B09C4C63672B}
		{9110AF75-EBB8-40D5-B82E-5695AA4CB45F} = {2A258019-B49F-4707-9B5B-B09C4C63672B}
		{C5C93238-7AFF-488C-9E3F-D246C197B176} = {2A258019-B49F-4707-9B5B-B09C4C63672B}
		{0D405472-E13A-4277-B6D2-2ADE478189E3} = {2A258019-B49F-4707-9B5B-B09C4C63672B}
		{DE2C1D58-26CC-4C41-B690-B0D34153BEA0} = {2A258019-B49F-4707-9B5B-B09C4C63672B}
		{DB1EADFC-2FE1-4797-A751-00A4952C1B9A} = {2A258019-B49F-4707-9B5B-B09C4C63672B}
		{04557166-482F-43B7-9F97-F8C3CD12E984} = {2A258019-B49F-4707-9B5B-B09C4C63672B}
		{5492ED63-B88D-4A04-BB76-339C094F85CF} = {2E82701B-B905-43F9-98A0-E15C11540B96}
		{B8B22A0B-8165-4BD3-9A56-E88353473E21} = {2E82701B-B905-43F9-98A0-E15C11540B96}
		{51E5A1BD-75AD-42BC-9220-F0C016A62216} = {47325727-2298-4AB1-BD62-DBC936CF428E}
		{F00C1402-7FB5-46D9-98A9-0A846C738130} = {51E5A1BD-75AD-42BC-9220-F0C016A62216}
		{999A959B-80CB-427A-BC09-A52E26B5A6DD} = {51E5A1BD-75AD-42BC-9220-F0C016A62216}
	EndGlobalSection
	GlobalSection(ExtensibilityGlobals) = postSolution
		SolutionGuid = {06130F30-21A7-4DB2-AAE3-708A48E91E08}
	EndGlobalSection
EndGlobal
