
Microsoft Visual Studio Solution File, Format Version 12.00
# Visual Studio Version 16
VisualStudioVersion = 16.0.29215.179
MinimumVisualStudioVersion = 10.0.40219.1
Project("{2150E333-8FDC-42A3-9474-1A3956D46DE8}") = "CMS", "CMS", "{C45D03E7-0453-4199-A5DE-E61B5FF29AF4}"
EndProject
Project("{9A19103F-16F7-4668-BE54-9A1E7A4F7556}") = "Mixcore", "Mix.Cms.Web\Mixcore.csproj", "{0E27FDA9-70B1-41AD-8465-3E56EA78F0DF}"
EndProject
Project("{9A19103F-16F7-4668-BE54-9A1E7A4F7556}") = "Mix.Cms.Api", "Mix.Cms.Api\Mix.Cms.Api.csproj", "{BC4D7CE6-F507-482E-A939-B9F8D6533929}"
EndProject
Project("{9A19103F-16F7-4668-BE54-9A1E7A4F7556}") = "Mix.Cms.Lib", "Mix.Cms.Lib\Mix.Cms.Lib.csproj", "{46A6FAC4-B138-4AB8-AAB2-597EE1774371}"
EndProject
Project("{9A19103F-16F7-4668-BE54-9A1E7A4F7556}") = "Mix.Identity", "Mix.Identity\Mix.Identity.csproj", "{08480B8D-2BA4-4E6F-8A08-D668E6F4C13D}"
EndProject
Project("{9A19103F-16F7-4668-BE54-9A1E7A4F7556}") = "Mix.Cms.Api.RestFul", "Mix.Cms.Api.RestFul\Mix.Cms.Api.RestFul.csproj", "{D174224F-710A-43EA-AB67-296156EA6599}"
EndProject
Project("{9A19103F-16F7-4668-BE54-9A1E7A4F7556}") = "Mix.Heart.NetCore", "Mix.Heart.NetCore\Mix.Heart.NetCore.csproj", "{EEA39C49-5113-4772-87C1-2F1D0487A8CE}"
EndProject
Project("{9A19103F-16F7-4668-BE54-9A1E7A4F7556}") = "Mix.Cms.Schedule", "Mix.Cms.Schedule\Mix.Cms.Schedule.csproj", "{BCEA1296-5B82-4A1C-AD81-5A9ACC421750}"
EndProject
Project("{2150E333-8FDC-42A3-9474-1A3956D46DE8}") = "Framework", "Framework", "{CCA797E2-3092-4C49-8839-C052D0D54B3B}"
EndProject
Project("{9A19103F-16F7-4668-BE54-9A1E7A4F7556}") = "Mix.Theme.Blog", "Mix.Theme.Blog\Mix.Theme.Blog.csproj", "{156477A6-89E7-4E67-9829-8EE3EEBA7484}"
EndProject
Project("{2150E333-8FDC-42A3-9474-1A3956D46DE8}") = "Services", "Services", "{12CBFE2B-6D82-41E0-B012-122CC4F3BD10}"
EndProject
Project("{9A19103F-16F7-4668-BE54-9A1E7A4F7556}") = "Mix.Rest.Api.Client", "Mix.Rest.Api.Client\Mix.Rest.Api.Client.csproj", "{56B0FC3C-E8E9-44C8-9EF1-5065C4A3CEBB}"
EndProject
Project("{2150E333-8FDC-42A3-9474-1A3956D46DE8}") = "Theme", "Theme", "{43479FD0-1591-4621-81DD-3B13CC11E3CD}"
EndProject
Project("{9A19103F-16F7-4668-BE54-9A1E7A4F7556}") = "Mix.Cms.Lib.SignalR", "Mix.Cms.Lib.SignalR\Mix.Cms.Lib.SignalR.csproj", "{B151F425-8761-4B64-80D8-E9F02FB0B069}"
EndProject
Project("{9A19103F-16F7-4668-BE54-9A1E7A4F7556}") = "Mix.Cms.Lib.MixDatabase", "Mix.Cms.Lib.MixDatabase\Mix.Cms.Lib.MixDatabase.csproj", "{9D78FCAE-D1D0-411D-96D4-6AF1E115FE0C}"
EndProject
Project("{9A19103F-16F7-4668-BE54-9A1E7A4F7556}") = "Mix.Theme.Common", "Mix.Theme.Common\Mix.Theme.Common.csproj", "{F320968E-8CB9-4AB1-93EB-B26BFE707986}"
EndProject
Project("{9A19103F-16F7-4668-BE54-9A1E7A4F7556}") = "Mix.Cms.Api.MixDatabase", "Mix.Cms.Api.MixDatabase\Mix.Cms.Api.MixDatabase.csproj", "{B748070F-EF13-43FD-B126-C6D396455DD6}"
EndProject
Global
	GlobalSection(SolutionConfigurationPlatforms) = preSolution
		Debug|Any CPU = Debug|Any CPU
		Release|Any CPU = Release|Any CPU
	EndGlobalSection
	GlobalSection(ProjectConfigurationPlatforms) = postSolution
		{0E27FDA9-70B1-41AD-8465-3E56EA78F0DF}.Debug|Any CPU.ActiveCfg = Debug|Any CPU
		{0E27FDA9-70B1-41AD-8465-3E56EA78F0DF}.Debug|Any CPU.Build.0 = Debug|Any CPU
		{0E27FDA9-70B1-41AD-8465-3E56EA78F0DF}.Release|Any CPU.ActiveCfg = Release|Any CPU
		{0E27FDA9-70B1-41AD-8465-3E56EA78F0DF}.Release|Any CPU.Build.0 = Release|Any CPU
		{BC4D7CE6-F507-482E-A939-B9F8D6533929}.Debug|Any CPU.ActiveCfg = Debug|Any CPU
		{BC4D7CE6-F507-482E-A939-B9F8D6533929}.Debug|Any CPU.Build.0 = Debug|Any CPU
		{BC4D7CE6-F507-482E-A939-B9F8D6533929}.Release|Any CPU.ActiveCfg = Release|Any CPU
		{BC4D7CE6-F507-482E-A939-B9F8D6533929}.Release|Any CPU.Build.0 = Release|Any CPU
		{46A6FAC4-B138-4AB8-AAB2-597EE1774371}.Debug|Any CPU.ActiveCfg = Debug|Any CPU
		{46A6FAC4-B138-4AB8-AAB2-597EE1774371}.Debug|Any CPU.Build.0 = Debug|Any CPU
		{46A6FAC4-B138-4AB8-AAB2-597EE1774371}.Release|Any CPU.ActiveCfg = Release|Any CPU
		{46A6FAC4-B138-4AB8-AAB2-597EE1774371}.Release|Any CPU.Build.0 = Release|Any CPU
		{08480B8D-2BA4-4E6F-8A08-D668E6F4C13D}.Debug|Any CPU.ActiveCfg = Debug|Any CPU
		{08480B8D-2BA4-4E6F-8A08-D668E6F4C13D}.Debug|Any CPU.Build.0 = Debug|Any CPU
		{08480B8D-2BA4-4E6F-8A08-D668E6F4C13D}.Release|Any CPU.ActiveCfg = Release|Any CPU
		{08480B8D-2BA4-4E6F-8A08-D668E6F4C13D}.Release|Any CPU.Build.0 = Release|Any CPU
		{D174224F-710A-43EA-AB67-296156EA6599}.Debug|Any CPU.ActiveCfg = Debug|Any CPU
		{D174224F-710A-43EA-AB67-296156EA6599}.Debug|Any CPU.Build.0 = Debug|Any CPU
		{D174224F-710A-43EA-AB67-296156EA6599}.Release|Any CPU.ActiveCfg = Release|Any CPU
		{D174224F-710A-43EA-AB67-296156EA6599}.Release|Any CPU.Build.0 = Release|Any CPU
		{EEA39C49-5113-4772-87C1-2F1D0487A8CE}.Debug|Any CPU.ActiveCfg = Debug|Any CPU
		{EEA39C49-5113-4772-87C1-2F1D0487A8CE}.Debug|Any CPU.Build.0 = Debug|Any CPU
		{EEA39C49-5113-4772-87C1-2F1D0487A8CE}.Release|Any CPU.ActiveCfg = Release|Any CPU
		{EEA39C49-5113-4772-87C1-2F1D0487A8CE}.Release|Any CPU.Build.0 = Release|Any CPU
		{BCEA1296-5B82-4A1C-AD81-5A9ACC421750}.Debug|Any CPU.ActiveCfg = Debug|Any CPU
		{BCEA1296-5B82-4A1C-AD81-5A9ACC421750}.Debug|Any CPU.Build.0 = Debug|Any CPU
		{BCEA1296-5B82-4A1C-AD81-5A9ACC421750}.Release|Any CPU.ActiveCfg = Release|Any CPU
		{BCEA1296-5B82-4A1C-AD81-5A9ACC421750}.Release|Any CPU.Build.0 = Release|Any CPU
		{156477A6-89E7-4E67-9829-8EE3EEBA7484}.Debug|Any CPU.ActiveCfg = Debug|Any CPU
		{156477A6-89E7-4E67-9829-8EE3EEBA7484}.Debug|Any CPU.Build.0 = Debug|Any CPU
		{156477A6-89E7-4E67-9829-8EE3EEBA7484}.Release|Any CPU.ActiveCfg = Release|Any CPU
		{156477A6-89E7-4E67-9829-8EE3EEBA7484}.Release|Any CPU.Build.0 = Release|Any CPU
		{56B0FC3C-E8E9-44C8-9EF1-5065C4A3CEBB}.Debug|Any CPU.ActiveCfg = Debug|Any CPU
		{56B0FC3C-E8E9-44C8-9EF1-5065C4A3CEBB}.Debug|Any CPU.Build.0 = Debug|Any CPU
		{56B0FC3C-E8E9-44C8-9EF1-5065C4A3CEBB}.Release|Any CPU.ActiveCfg = Release|Any CPU
		{56B0FC3C-E8E9-44C8-9EF1-5065C4A3CEBB}.Release|Any CPU.Build.0 = Release|Any CPU
		{B151F425-8761-4B64-80D8-E9F02FB0B069}.Debug|Any CPU.ActiveCfg = Debug|Any CPU
		{B151F425-8761-4B64-80D8-E9F02FB0B069}.Debug|Any CPU.Build.0 = Debug|Any CPU
		{B151F425-8761-4B64-80D8-E9F02FB0B069}.Release|Any CPU.ActiveCfg = Release|Any CPU
		{B151F425-8761-4B64-80D8-E9F02FB0B069}.Release|Any CPU.Build.0 = Release|Any CPU
		{9D78FCAE-D1D0-411D-96D4-6AF1E115FE0C}.Debug|Any CPU.ActiveCfg = Debug|Any CPU
		{9D78FCAE-D1D0-411D-96D4-6AF1E115FE0C}.Debug|Any CPU.Build.0 = Debug|Any CPU
		{9D78FCAE-D1D0-411D-96D4-6AF1E115FE0C}.Release|Any CPU.ActiveCfg = Release|Any CPU
		{9D78FCAE-D1D0-411D-96D4-6AF1E115FE0C}.Release|Any CPU.Build.0 = Release|Any CPU
		{F320968E-8CB9-4AB1-93EB-B26BFE707986}.Debug|Any CPU.ActiveCfg = Debug|Any CPU
		{F320968E-8CB9-4AB1-93EB-B26BFE707986}.Debug|Any CPU.Build.0 = Debug|Any CPU
		{F320968E-8CB9-4AB1-93EB-B26BFE707986}.Release|Any CPU.ActiveCfg = Release|Any CPU
		{F320968E-8CB9-4AB1-93EB-B26BFE707986}.Release|Any CPU.Build.0 = Release|Any CPU
		{B748070F-EF13-43FD-B126-C6D396455DD6}.Debug|Any CPU.ActiveCfg = Debug|Any CPU
		{B748070F-EF13-43FD-B126-C6D396455DD6}.Debug|Any CPU.Build.0 = Debug|Any CPU
		{B748070F-EF13-43FD-B126-C6D396455DD6}.Release|Any CPU.ActiveCfg = Release|Any CPU
		{B748070F-EF13-43FD-B126-C6D396455DD6}.Release|Any CPU.Build.0 = Release|Any CPU
	EndGlobalSection
	GlobalSection(SolutionProperties) = preSolution
		HideSolutionNode = FALSE
	EndGlobalSection
	GlobalSection(NestedProjects) = preSolution
		{BC4D7CE6-F507-482E-A939-B9F8D6533929} = {C45D03E7-0453-4199-A5DE-E61B5FF29AF4}
		{46A6FAC4-B138-4AB8-AAB2-597EE1774371} = {C45D03E7-0453-4199-A5DE-E61B5FF29AF4}
		{08480B8D-2BA4-4E6F-8A08-D668E6F4C13D} = {C45D03E7-0453-4199-A5DE-E61B5FF29AF4}
		{D174224F-710A-43EA-AB67-296156EA6599} = {C45D03E7-0453-4199-A5DE-E61B5FF29AF4}
		{EEA39C49-5113-4772-87C1-2F1D0487A8CE} = {CCA797E2-3092-4C49-8839-C052D0D54B3B}
		{BCEA1296-5B82-4A1C-AD81-5A9ACC421750} = {C45D03E7-0453-4199-A5DE-E61B5FF29AF4}
		{156477A6-89E7-4E67-9829-8EE3EEBA7484} = {43479FD0-1591-4621-81DD-3B13CC11E3CD}
		{56B0FC3C-E8E9-44C8-9EF1-5065C4A3CEBB} = {12CBFE2B-6D82-41E0-B012-122CC4F3BD10}
		{B151F425-8761-4B64-80D8-E9F02FB0B069} = {C45D03E7-0453-4199-A5DE-E61B5FF29AF4}
		{9D78FCAE-D1D0-411D-96D4-6AF1E115FE0C} = {C45D03E7-0453-4199-A5DE-E61B5FF29AF4}
		{F320968E-8CB9-4AB1-93EB-B26BFE707986} = {43479FD0-1591-4621-81DD-3B13CC11E3CD}
		{B748070F-EF13-43FD-B126-C6D396455DD6} = {C45D03E7-0453-4199-A5DE-E61B5FF29AF4}
	EndGlobalSection
	GlobalSection(ExtensibilityGlobals) = postSolution
		SolutionGuid = {8B133AF3-4413-4B56-9BEC-8C4509008F85}
	EndGlobalSection
	GlobalSection(Performance) = preSolution
		HasPerformanceSessions = true
	EndGlobalSection
EndGlobal
