
Microsoft Visual Studio Solution File, Format Version 12.00
# Visual Studio Version 17
VisualStudioVersion = 17.0.31912.275
MinimumVisualStudioVersion = 10.0.40219.1
Project("{2150E333-8FDC-42A3-9474-1A3956D46DE8}") = "platform", "platform", "{45077DFB-D35A-4491-993C-2AC4C8AC838E}"
EndProject
Project("{2150E333-8FDC-42A3-9474-1A3956D46DE8}") = "modules", "modules", "{5B29B975-B0AC-46B3-8398-4C8A22EAE355}"
EndProject
Project("{2150E333-8FDC-42A3-9474-1A3956D46DE8}") = "src", "src", "{38F30F45-7DB6-4097-BA85-788ACCCBC5F2}"
EndProject
Project("{2150E333-8FDC-42A3-9474-1A3956D46DE8}") = "applications", "applications", "{4E880812-C336-4EB2-9FED-2E437957F50A}"
EndProject
Project("{9A19103F-16F7-4668-BE54-9A1E7A4F7556}") = "mix.library", "platform\mix.library\mix.library.csproj", "{5CC5900C-50FE-4D78-9E4F-7CE267355622}"
EndProject
Project("{9A19103F-16F7-4668-BE54-9A1E7A4F7556}") = "mix.common", "modules\mix.common\mix.common.csproj", "{E6801B38-0264-456C-B8E6-A73262B6CBA7}"
EndProject
Project("{9A19103F-16F7-4668-BE54-9A1E7A4F7556}") = "mix.database", "platform\mix.database\mix.database.csproj", "{3716FB3C-CDC3-45E7-9809-CF7F2DD30388}"
EndProject
Project("{9A19103F-16F7-4668-BE54-9A1E7A4F7556}") = "mix.shared", "platform\mix.shared\mix.shared.csproj", "{4B1A6E00-C5E7-4DA7-B234-36EA35CC9B44}"
EndProject
Project("{9A19103F-16F7-4668-BE54-9A1E7A4F7556}") = "mix.account", "modules\mix.account\mix.account.csproj", "{19560515-92A4-4955-BDD9-E1CDA7E8A3BC}"
EndProject
Project("{9A19103F-16F7-4668-BE54-9A1E7A4F7556}") = "mix.portal", "modules\mix.portal\mix.portal.csproj", "{C56B8C71-AEFB-4B4C-9545-03F6A646A998}"
EndProject
Project("{9A19103F-16F7-4668-BE54-9A1E7A4F7556}") = "mix.signalr", "platform\mix.signalr\mix.signalr.csproj", "{8401BAD4-7658-4357-859C-19F40E731848}"
EndProject
Project("{9A19103F-16F7-4668-BE54-9A1E7A4F7556}") = "mix.identity", "platform\mix.identity\mix.identity.csproj", "{681C6E43-9F8E-4A9B-AD03-12702CF47720}"
EndProject
Project("{9A19103F-16F7-4668-BE54-9A1E7A4F7556}") = "mix.messenger", "modules\mix.messenger\mix.messenger.csproj", "{A92D009D-2C5B-46BC-893A-7AE995EE8814}"
EndProject
Project("{9A19103F-16F7-4668-BE54-9A1E7A4F7556}") = "mix.quartz", "platform\mix.quartz\mix.quartz.csproj", "{C7AF2FD1-8490-4238-B40D-7245872FCFEC}"
EndProject
Project("{9A19103F-16F7-4668-BE54-9A1E7A4F7556}") = "mix.scheduler", "modules\mix.scheduler\mix.scheduler.csproj", "{F8E82C2E-0F24-4CD1-981D-436D08F73587}"
EndProject
Project("{2150E333-8FDC-42A3-9474-1A3956D46DE8}") = "test", "test", "{8D3FF4E3-4C56-4FA6-81CC-686DE037FF59}"
EndProject
Project("{9A19103F-16F7-4668-BE54-9A1E7A4F7556}") = "mix.xunittest", "test\mix.xunittest\mix.xunittest.csproj", "{CD0F866F-FF61-456B-AAEA-9960B17107E3}"
EndProject
Project("{9A19103F-16F7-4668-BE54-9A1E7A4F7556}") = "mix.grpc", "modules\mix.grpc\mix.grpc.csproj", "{80A478DE-09AD-4C60-B446-73946D8B0E51}"
EndProject
Project("{9A19103F-16F7-4668-BE54-9A1E7A4F7556}") = "mix.queue", "platform\mix.queue\mix.queue.csproj", "{2E843175-B948-4D90-A11B-415EE67D9E1A}"
EndProject
Project("{9A19103F-16F7-4668-BE54-9A1E7A4F7556}") = "mix.heart", "platform\core\mix-heart\src\Mix.Heart\mix.heart.csproj", "{D4938E22-22C3-4364-A710-557B63954B5E}"
EndProject
Project("{9A19103F-16F7-4668-BE54-9A1E7A4F7556}") = "mix.tenancy", "modules\mix.tenancy\mix.tenancy.csproj", "{2D254550-CE54-43A2-8AE9-FAA72F2C0FD6}"
EndProject
Project("{9A19103F-16F7-4668-BE54-9A1E7A4F7556}") = "mix.communicator", "platform\mix.communicator\mix.communicator.csproj", "{94790DB1-AC71-48BF-8665-D04C86064231}"
EndProject
Project("{9A19103F-16F7-4668-BE54-9A1E7A4F7556}") = "mix.constant", "platform\mix.constant\mix.constant.csproj", "{34A92D4D-B94A-4674-BBA4-8D2F80BECCB6}"
EndProject
Project("{9A19103F-16F7-4668-BE54-9A1E7A4F7556}") = "mix.signalr.hub", "platform\mix.signalr.hub\mix.signalr.hub.csproj", "{081A8E1E-B431-4044-B4B7-203BD1E00589}"
EndProject
Project("{9A19103F-16F7-4668-BE54-9A1E7A4F7556}") = "mix.storage", "modules\mix.storage\mix.storage.csproj", "{E974EBC1-B6C9-4BC0-AFA5-33EB182CB6A6}"
EndProject
Project("{9A19103F-16F7-4668-BE54-9A1E7A4F7556}") = "mix.storage.lib", "platform\mix.storage.lib\mix.storage.lib.csproj", "{5486F6D4-6144-470A-BEB5-270C4D02486B}"
EndProject
Project("{9A19103F-16F7-4668-BE54-9A1E7A4F7556}") = "mix.repodb", "platform\mix.repodb\mix.repodb.csproj", "{C6B46863-6A6E-4BC0-84F6-EF9DCBCA77D1}"
EndProject
Project("{9A19103F-16F7-4668-BE54-9A1E7A4F7556}") = "mix.service", "platform\mix.service\mix.service.csproj", "{728EBD5B-266E-4476-9BDC-37D12194AFE2}"
EndProject
Project("{2150E333-8FDC-42A3-9474-1A3956D46DE8}") = "level_6", "level_6", "{2D4838F0-251E-4383-9DAD-7FF91B0E0606}"
EndProject
Project("{2150E333-8FDC-42A3-9474-1A3956D46DE8}") = "services", "services", "{C0A05428-767E-46C5-A31F-0D220E41F7C5}"
EndProject
Project("{2150E333-8FDC-42A3-9474-1A3956D46DE8}") = "ecommerces", "ecommerces", "{362A9E6F-A253-4D17-B164-C037609DD67B}"
EndProject
Project("{9A19103F-16F7-4668-BE54-9A1E7A4F7556}") = "mix.services.ecommerce.lib", "services\ecommerces\mix.services.ecommerce.lib\mix.services.ecommerce.lib.csproj", "{9ADA8E1F-F444-472C-914C-9AF2386B2D0D}"
EndProject
Project("{2150E333-8FDC-42A3-9474-1A3956D46DE8}") = "mix-databases", "mix-databases", "{9052327F-0A55-43C2-808A-B315D12A1EB1}"
EndProject
Project("{9A19103F-16F7-4668-BE54-9A1E7A4F7556}") = "mix.services.databases.lib", "services\mix-databases\mix.services.databases.lib\mix.services.databases.lib.csproj", "{973AC418-7E56-44F0-83B8-C316565BB0E5}"
EndProject
Project("{9A19103F-16F7-4668-BE54-9A1E7A4F7556}") = "mix.services.ecommerce", "services\ecommerces\mix.services.ecommerce\mix.services.ecommerce.csproj", "{309813E4-D6E9-4B25-949F-49B808F4DFF7}"
EndProject
Project("{9A19103F-16F7-4668-BE54-9A1E7A4F7556}") = "mix.services.databases", "services\mix-databases\mix.servives.databases\mix.services.databases.csproj", "{53FDEAC2-ADEB-4E02-AF44-DC986672A02E}"
EndProject
Project("{9A19103F-16F7-4668-BE54-9A1E7A4F7556}") = "mix.mixdb", "platform\mix.mixdb\mix.mixdb.csproj", "{356FB416-1C32-4B59-91B4-62F62CBE394E}"
EndProject
Project("{2150E333-8FDC-42A3-9474-1A3956D46DE8}") = "graphql", "graphql", "{7212EE31-82F0-4741-B55F-7BCE0A3DFC5A}"
EndProject
Project("{9A19103F-16F7-4668-BE54-9A1E7A4F7556}") = "mix.services.graphql.lib", "services\graphql\mix.services.graphql.lib\mix.services.graphql.lib.csproj", "{4C1341A9-F5E2-4AB1-A504-5D815CAEEAF3}"
EndProject
Project("{9A19103F-16F7-4668-BE54-9A1E7A4F7556}") = "mix.services.graphql", "services\graphql\mix.services.graphql\mix.services.graphql.csproj", "{4C7CFA3D-355B-434F-8442-2B0970BF02C5}"
EndProject
Project("{9A19103F-16F7-4668-BE54-9A1E7A4F7556}") = "mix.mixdb.event", "platform\core\mix.mixdb.event\mix.mixdb.event.csproj", "{9508136B-0879-4BF2-B694-3B6242715BE7}"
EndProject
Project("{2150E333-8FDC-42A3-9474-1A3956D46DE8}") = "level_0", "level_0", "{147A1144-45E8-448A-9FD7-511C999E5727}"
EndProject
Project("{2150E333-8FDC-42A3-9474-1A3956D46DE8}") = "level_1", "level_1", "{0027B7D2-664D-4872-AE99-BA2A2BCA6B2E}"
EndProject
Project("{2150E333-8FDC-42A3-9474-1A3956D46DE8}") = "level_2", "level_2", "{92F3CAD3-DBF4-4587-A14D-8DECE4077D0C}"
EndProject
Project("{2150E333-8FDC-42A3-9474-1A3956D46DE8}") = "level_3", "level_3", "{69169108-92D3-411D-87EB-DF2DD026FE64}"
EndProject
Project("{2150E333-8FDC-42A3-9474-1A3956D46DE8}") = "level_4", "level_4", "{175276C1-45BB-4C30-BB93-4CB2C2D4A60C}"
EndProject
Project("{2150E333-8FDC-42A3-9474-1A3956D46DE8}") = "level_5", "level_5", "{84C68A6F-ECE0-467E-91C0-AE63AC4FC4C7}"
EndProject
Project("{2150E333-8FDC-42A3-9474-1A3956D46DE8}") = "level_7", "level_7", "{98FE9DF6-4B31-4A0D-A4F9-74196114CD9D}"
EndProject
Project("{2150E333-8FDC-42A3-9474-1A3956D46DE8}") = "level_0", "level_0", "{7C9FFA1B-D992-4E3F-B2B1-74D86E81512D}"
EndProject
Project("{2150E333-8FDC-42A3-9474-1A3956D46DE8}") = "level_0", "level_0", "{6F925183-31E6-4DEB-BAB1-80F330B9E199}"
EndProject
Project("{2150E333-8FDC-42A3-9474-1A3956D46DE8}") = "level_1", "level_1", "{B4C40E02-E06A-4359-BDC5-349E103366AD}"
EndProject
Project("{9A19103F-16F7-4668-BE54-9A1E7A4F7556}") = "mix.log.lib", "platform\mix.log\mix.log.lib.csproj", "{BC6B8583-4F0F-45AD-BF71-1D998AA65869}"
EndProject
Project("{9A19103F-16F7-4668-BE54-9A1E7A4F7556}") = "mix.log", "modules\mix.log\mix.log.csproj", "{F37BBDB4-EB48-42E4-8CB1-D459F5EF3C3F}"
EndProject
Project("{9A19103F-16F7-4668-BE54-9A1E7A4F7556}") = "mix.auth", "platform\mix.auth\mix.auth.csproj", "{67C7637A-1E86-49C0-8BBB-F91260F9058F}"
EndProject
Project("{9A19103F-16F7-4668-BE54-9A1E7A4F7556}") = "mixcore", "applications\mixcore\mixcore.csproj", "{BEFA0F34-2594-4E77-88A9-4DF2B535343A}"
EndProject
Project("{9A19103F-16F7-4668-BE54-9A1E7A4F7556}") = "mixcore.host.aspire.AppHost", "applications\mixcore.host.aspire\mixcore.host.aspire.AppHost\mixcore.host.aspire.AppHost.csproj", "{803BBEFE-A5AF-4C43-87FC-DA9132F18498}"
EndProject
Project("{9A19103F-16F7-4668-BE54-9A1E7A4F7556}") = "mixcore.host.aspire.ServiceDefaults", "applications\mixcore.host.aspire\mixcore.host.aspire.ServiceDefaults\mixcore.host.aspire.ServiceDefaults.csproj", "{3BADD396-E830-468B-B2D8-A52FD5E6C6BD}"
EndProject
Project("{FAE04EC0-301F-11D3-BF4B-00C04F79EFBC}") = "mixcore.gateway", "applications\mixcore.gateway\mixcore.gateway.csproj", "{5FA252B6-6FDA-451E-BE5E-F6D82EDE9AB1}"
EndProject
Global
	GlobalSection(SolutionConfigurationPlatforms) = preSolution
		Debug|Any CPU = Debug|Any CPU
		Release|Any CPU = Release|Any CPU
	EndGlobalSection
	GlobalSection(ProjectConfigurationPlatforms) = postSolution
		{5CC5900C-50FE-4D78-9E4F-7CE267355622}.Debug|Any CPU.ActiveCfg = Debug|Any CPU
		{5CC5900C-50FE-4D78-9E4F-7CE267355622}.Debug|Any CPU.Build.0 = Debug|Any CPU
		{5CC5900C-50FE-4D78-9E4F-7CE267355622}.Release|Any CPU.ActiveCfg = Release|Any CPU
		{5CC5900C-50FE-4D78-9E4F-7CE267355622}.Release|Any CPU.Build.0 = Release|Any CPU
		{E6801B38-0264-456C-B8E6-A73262B6CBA7}.Debug|Any CPU.ActiveCfg = Debug|Any CPU
		{E6801B38-0264-456C-B8E6-A73262B6CBA7}.Debug|Any CPU.Build.0 = Debug|Any CPU
		{E6801B38-0264-456C-B8E6-A73262B6CBA7}.Release|Any CPU.ActiveCfg = Release|Any CPU
		{E6801B38-0264-456C-B8E6-A73262B6CBA7}.Release|Any CPU.Build.0 = Release|Any CPU
		{3716FB3C-CDC3-45E7-9809-CF7F2DD30388}.Debug|Any CPU.ActiveCfg = Debug|Any CPU
		{3716FB3C-CDC3-45E7-9809-CF7F2DD30388}.Debug|Any CPU.Build.0 = Debug|Any CPU
		{3716FB3C-CDC3-45E7-9809-CF7F2DD30388}.Release|Any CPU.ActiveCfg = Release|Any CPU
		{3716FB3C-CDC3-45E7-9809-CF7F2DD30388}.Release|Any CPU.Build.0 = Release|Any CPU
		{4B1A6E00-C5E7-4DA7-B234-36EA35CC9B44}.Debug|Any CPU.ActiveCfg = Debug|Any CPU
		{4B1A6E00-C5E7-4DA7-B234-36EA35CC9B44}.Debug|Any CPU.Build.0 = Debug|Any CPU
		{4B1A6E00-C5E7-4DA7-B234-36EA35CC9B44}.Release|Any CPU.ActiveCfg = Release|Any CPU
		{4B1A6E00-C5E7-4DA7-B234-36EA35CC9B44}.Release|Any CPU.Build.0 = Release|Any CPU
		{19560515-92A4-4955-BDD9-E1CDA7E8A3BC}.Debug|Any CPU.ActiveCfg = Debug|Any CPU
		{19560515-92A4-4955-BDD9-E1CDA7E8A3BC}.Debug|Any CPU.Build.0 = Debug|Any CPU
		{19560515-92A4-4955-BDD9-E1CDA7E8A3BC}.Release|Any CPU.ActiveCfg = Release|Any CPU
		{19560515-92A4-4955-BDD9-E1CDA7E8A3BC}.Release|Any CPU.Build.0 = Release|Any CPU
		{C56B8C71-AEFB-4B4C-9545-03F6A646A998}.Debug|Any CPU.ActiveCfg = Debug|Any CPU
		{C56B8C71-AEFB-4B4C-9545-03F6A646A998}.Debug|Any CPU.Build.0 = Debug|Any CPU
		{C56B8C71-AEFB-4B4C-9545-03F6A646A998}.Release|Any CPU.ActiveCfg = Release|Any CPU
		{C56B8C71-AEFB-4B4C-9545-03F6A646A998}.Release|Any CPU.Build.0 = Release|Any CPU
		{8401BAD4-7658-4357-859C-19F40E731848}.Debug|Any CPU.ActiveCfg = Debug|Any CPU
		{8401BAD4-7658-4357-859C-19F40E731848}.Debug|Any CPU.Build.0 = Debug|Any CPU
		{8401BAD4-7658-4357-859C-19F40E731848}.Release|Any CPU.ActiveCfg = Release|Any CPU
		{8401BAD4-7658-4357-859C-19F40E731848}.Release|Any CPU.Build.0 = Release|Any CPU
		{681C6E43-9F8E-4A9B-AD03-12702CF47720}.Debug|Any CPU.ActiveCfg = Debug|Any CPU
		{681C6E43-9F8E-4A9B-AD03-12702CF47720}.Debug|Any CPU.Build.0 = Debug|Any CPU
		{681C6E43-9F8E-4A9B-AD03-12702CF47720}.Release|Any CPU.ActiveCfg = Release|Any CPU
		{681C6E43-9F8E-4A9B-AD03-12702CF47720}.Release|Any CPU.Build.0 = Release|Any CPU
		{A92D009D-2C5B-46BC-893A-7AE995EE8814}.Debug|Any CPU.ActiveCfg = Debug|Any CPU
		{A92D009D-2C5B-46BC-893A-7AE995EE8814}.Debug|Any CPU.Build.0 = Debug|Any CPU
		{A92D009D-2C5B-46BC-893A-7AE995EE8814}.Release|Any CPU.ActiveCfg = Release|Any CPU
		{A92D009D-2C5B-46BC-893A-7AE995EE8814}.Release|Any CPU.Build.0 = Release|Any CPU
		{C7AF2FD1-8490-4238-B40D-7245872FCFEC}.Debug|Any CPU.ActiveCfg = Debug|Any CPU
		{C7AF2FD1-8490-4238-B40D-7245872FCFEC}.Debug|Any CPU.Build.0 = Debug|Any CPU
		{C7AF2FD1-8490-4238-B40D-7245872FCFEC}.Release|Any CPU.ActiveCfg = Release|Any CPU
		{C7AF2FD1-8490-4238-B40D-7245872FCFEC}.Release|Any CPU.Build.0 = Release|Any CPU
		{F8E82C2E-0F24-4CD1-981D-436D08F73587}.Debug|Any CPU.ActiveCfg = Debug|Any CPU
		{F8E82C2E-0F24-4CD1-981D-436D08F73587}.Debug|Any CPU.Build.0 = Debug|Any CPU
		{F8E82C2E-0F24-4CD1-981D-436D08F73587}.Release|Any CPU.ActiveCfg = Release|Any CPU
		{F8E82C2E-0F24-4CD1-981D-436D08F73587}.Release|Any CPU.Build.0 = Release|Any CPU
		{CD0F866F-FF61-456B-AAEA-9960B17107E3}.Debug|Any CPU.ActiveCfg = Debug|Any CPU
		{CD0F866F-FF61-456B-AAEA-9960B17107E3}.Debug|Any CPU.Build.0 = Debug|Any CPU
		{CD0F866F-FF61-456B-AAEA-9960B17107E3}.Release|Any CPU.ActiveCfg = Release|Any CPU
		{CD0F866F-FF61-456B-AAEA-9960B17107E3}.Release|Any CPU.Build.0 = Release|Any CPU
		{80A478DE-09AD-4C60-B446-73946D8B0E51}.Debug|Any CPU.ActiveCfg = Debug|Any CPU
		{80A478DE-09AD-4C60-B446-73946D8B0E51}.Debug|Any CPU.Build.0 = Debug|Any CPU
		{80A478DE-09AD-4C60-B446-73946D8B0E51}.Release|Any CPU.ActiveCfg = Release|Any CPU
		{80A478DE-09AD-4C60-B446-73946D8B0E51}.Release|Any CPU.Build.0 = Release|Any CPU
		{2E843175-B948-4D90-A11B-415EE67D9E1A}.Debug|Any CPU.ActiveCfg = Debug|Any CPU
		{2E843175-B948-4D90-A11B-415EE67D9E1A}.Debug|Any CPU.Build.0 = Debug|Any CPU
		{2E843175-B948-4D90-A11B-415EE67D9E1A}.Release|Any CPU.ActiveCfg = Release|Any CPU
		{2E843175-B948-4D90-A11B-415EE67D9E1A}.Release|Any CPU.Build.0 = Release|Any CPU
		{D4938E22-22C3-4364-A710-557B63954B5E}.Debug|Any CPU.ActiveCfg = Debug|Any CPU
		{D4938E22-22C3-4364-A710-557B63954B5E}.Debug|Any CPU.Build.0 = Debug|Any CPU
		{D4938E22-22C3-4364-A710-557B63954B5E}.Release|Any CPU.ActiveCfg = Release|Any CPU
		{D4938E22-22C3-4364-A710-557B63954B5E}.Release|Any CPU.Build.0 = Release|Any CPU
		{2D254550-CE54-43A2-8AE9-FAA72F2C0FD6}.Debug|Any CPU.ActiveCfg = Debug|Any CPU
		{2D254550-CE54-43A2-8AE9-FAA72F2C0FD6}.Debug|Any CPU.Build.0 = Debug|Any CPU
		{2D254550-CE54-43A2-8AE9-FAA72F2C0FD6}.Release|Any CPU.ActiveCfg = Release|Any CPU
		{2D254550-CE54-43A2-8AE9-FAA72F2C0FD6}.Release|Any CPU.Build.0 = Release|Any CPU
		{94790DB1-AC71-48BF-8665-D04C86064231}.Debug|Any CPU.ActiveCfg = Debug|Any CPU
		{94790DB1-AC71-48BF-8665-D04C86064231}.Debug|Any CPU.Build.0 = Debug|Any CPU
		{94790DB1-AC71-48BF-8665-D04C86064231}.Release|Any CPU.ActiveCfg = Release|Any CPU
		{94790DB1-AC71-48BF-8665-D04C86064231}.Release|Any CPU.Build.0 = Release|Any CPU
		{34A92D4D-B94A-4674-BBA4-8D2F80BECCB6}.Debug|Any CPU.ActiveCfg = Debug|Any CPU
		{34A92D4D-B94A-4674-BBA4-8D2F80BECCB6}.Debug|Any CPU.Build.0 = Debug|Any CPU
		{34A92D4D-B94A-4674-BBA4-8D2F80BECCB6}.Release|Any CPU.ActiveCfg = Release|Any CPU
		{34A92D4D-B94A-4674-BBA4-8D2F80BECCB6}.Release|Any CPU.Build.0 = Release|Any CPU
		{081A8E1E-B431-4044-B4B7-203BD1E00589}.Debug|Any CPU.ActiveCfg = Debug|Any CPU
		{081A8E1E-B431-4044-B4B7-203BD1E00589}.Debug|Any CPU.Build.0 = Debug|Any CPU
		{081A8E1E-B431-4044-B4B7-203BD1E00589}.Release|Any CPU.ActiveCfg = Release|Any CPU
		{081A8E1E-B431-4044-B4B7-203BD1E00589}.Release|Any CPU.Build.0 = Release|Any CPU
		{E974EBC1-B6C9-4BC0-AFA5-33EB182CB6A6}.Debug|Any CPU.ActiveCfg = Debug|Any CPU
		{E974EBC1-B6C9-4BC0-AFA5-33EB182CB6A6}.Debug|Any CPU.Build.0 = Debug|Any CPU
		{E974EBC1-B6C9-4BC0-AFA5-33EB182CB6A6}.Release|Any CPU.ActiveCfg = Release|Any CPU
		{E974EBC1-B6C9-4BC0-AFA5-33EB182CB6A6}.Release|Any CPU.Build.0 = Release|Any CPU
		{5486F6D4-6144-470A-BEB5-270C4D02486B}.Debug|Any CPU.ActiveCfg = Debug|Any CPU
		{5486F6D4-6144-470A-BEB5-270C4D02486B}.Debug|Any CPU.Build.0 = Debug|Any CPU
		{5486F6D4-6144-470A-BEB5-270C4D02486B}.Release|Any CPU.ActiveCfg = Release|Any CPU
		{5486F6D4-6144-470A-BEB5-270C4D02486B}.Release|Any CPU.Build.0 = Release|Any CPU
		{C6B46863-6A6E-4BC0-84F6-EF9DCBCA77D1}.Debug|Any CPU.ActiveCfg = Debug|Any CPU
		{C6B46863-6A6E-4BC0-84F6-EF9DCBCA77D1}.Debug|Any CPU.Build.0 = Debug|Any CPU
		{C6B46863-6A6E-4BC0-84F6-EF9DCBCA77D1}.Release|Any CPU.ActiveCfg = Release|Any CPU
		{C6B46863-6A6E-4BC0-84F6-EF9DCBCA77D1}.Release|Any CPU.Build.0 = Release|Any CPU
		{728EBD5B-266E-4476-9BDC-37D12194AFE2}.Debug|Any CPU.ActiveCfg = Debug|Any CPU
		{728EBD5B-266E-4476-9BDC-37D12194AFE2}.Debug|Any CPU.Build.0 = Debug|Any CPU
		{728EBD5B-266E-4476-9BDC-37D12194AFE2}.Release|Any CPU.ActiveCfg = Release|Any CPU
		{728EBD5B-266E-4476-9BDC-37D12194AFE2}.Release|Any CPU.Build.0 = Release|Any CPU
		{9ADA8E1F-F444-472C-914C-9AF2386B2D0D}.Debug|Any CPU.ActiveCfg = Debug|Any CPU
		{9ADA8E1F-F444-472C-914C-9AF2386B2D0D}.Debug|Any CPU.Build.0 = Debug|Any CPU
		{9ADA8E1F-F444-472C-914C-9AF2386B2D0D}.Release|Any CPU.ActiveCfg = Release|Any CPU
		{9ADA8E1F-F444-472C-914C-9AF2386B2D0D}.Release|Any CPU.Build.0 = Release|Any CPU
		{973AC418-7E56-44F0-83B8-C316565BB0E5}.Debug|Any CPU.ActiveCfg = Debug|Any CPU
		{973AC418-7E56-44F0-83B8-C316565BB0E5}.Debug|Any CPU.Build.0 = Debug|Any CPU
		{973AC418-7E56-44F0-83B8-C316565BB0E5}.Release|Any CPU.ActiveCfg = Release|Any CPU
		{973AC418-7E56-44F0-83B8-C316565BB0E5}.Release|Any CPU.Build.0 = Release|Any CPU
		{309813E4-D6E9-4B25-949F-49B808F4DFF7}.Debug|Any CPU.ActiveCfg = Debug|Any CPU
		{309813E4-D6E9-4B25-949F-49B808F4DFF7}.Debug|Any CPU.Build.0 = Debug|Any CPU
		{309813E4-D6E9-4B25-949F-49B808F4DFF7}.Release|Any CPU.ActiveCfg = Release|Any CPU
		{309813E4-D6E9-4B25-949F-49B808F4DFF7}.Release|Any CPU.Build.0 = Release|Any CPU
		{53FDEAC2-ADEB-4E02-AF44-DC986672A02E}.Debug|Any CPU.ActiveCfg = Debug|Any CPU
		{53FDEAC2-ADEB-4E02-AF44-DC986672A02E}.Debug|Any CPU.Build.0 = Debug|Any CPU
		{53FDEAC2-ADEB-4E02-AF44-DC986672A02E}.Release|Any CPU.ActiveCfg = Release|Any CPU
		{53FDEAC2-ADEB-4E02-AF44-DC986672A02E}.Release|Any CPU.Build.0 = Release|Any CPU
		{356FB416-1C32-4B59-91B4-62F62CBE394E}.Debug|Any CPU.ActiveCfg = Debug|Any CPU
		{356FB416-1C32-4B59-91B4-62F62CBE394E}.Debug|Any CPU.Build.0 = Debug|Any CPU
		{356FB416-1C32-4B59-91B4-62F62CBE394E}.Release|Any CPU.ActiveCfg = Release|Any CPU
		{356FB416-1C32-4B59-91B4-62F62CBE394E}.Release|Any CPU.Build.0 = Release|Any CPU
		{4C1341A9-F5E2-4AB1-A504-5D815CAEEAF3}.Debug|Any CPU.ActiveCfg = Debug|Any CPU
		{4C1341A9-F5E2-4AB1-A504-5D815CAEEAF3}.Debug|Any CPU.Build.0 = Debug|Any CPU
		{4C1341A9-F5E2-4AB1-A504-5D815CAEEAF3}.Release|Any CPU.ActiveCfg = Release|Any CPU
		{4C1341A9-F5E2-4AB1-A504-5D815CAEEAF3}.Release|Any CPU.Build.0 = Release|Any CPU
		{4C7CFA3D-355B-434F-8442-2B0970BF02C5}.Debug|Any CPU.ActiveCfg = Debug|Any CPU
		{4C7CFA3D-355B-434F-8442-2B0970BF02C5}.Debug|Any CPU.Build.0 = Debug|Any CPU
		{4C7CFA3D-355B-434F-8442-2B0970BF02C5}.Release|Any CPU.ActiveCfg = Release|Any CPU
		{4C7CFA3D-355B-434F-8442-2B0970BF02C5}.Release|Any CPU.Build.0 = Release|Any CPU
		{9508136B-0879-4BF2-B694-3B6242715BE7}.Debug|Any CPU.ActiveCfg = Debug|Any CPU
		{9508136B-0879-4BF2-B694-3B6242715BE7}.Debug|Any CPU.Build.0 = Debug|Any CPU
		{9508136B-0879-4BF2-B694-3B6242715BE7}.Release|Any CPU.ActiveCfg = Release|Any CPU
		{9508136B-0879-4BF2-B694-3B6242715BE7}.Release|Any CPU.Build.0 = Release|Any CPU
		{BC6B8583-4F0F-45AD-BF71-1D998AA65869}.Debug|Any CPU.ActiveCfg = Debug|Any CPU
		{BC6B8583-4F0F-45AD-BF71-1D998AA65869}.Debug|Any CPU.Build.0 = Debug|Any CPU
		{BC6B8583-4F0F-45AD-BF71-1D998AA65869}.Release|Any CPU.ActiveCfg = Release|Any CPU
		{BC6B8583-4F0F-45AD-BF71-1D998AA65869}.Release|Any CPU.Build.0 = Release|Any CPU
		{F37BBDB4-EB48-42E4-8CB1-D459F5EF3C3F}.Debug|Any CPU.ActiveCfg = Debug|Any CPU
		{F37BBDB4-EB48-42E4-8CB1-D459F5EF3C3F}.Debug|Any CPU.Build.0 = Debug|Any CPU
		{F37BBDB4-EB48-42E4-8CB1-D459F5EF3C3F}.Release|Any CPU.ActiveCfg = Release|Any CPU
		{F37BBDB4-EB48-42E4-8CB1-D459F5EF3C3F}.Release|Any CPU.Build.0 = Release|Any CPU
		{67C7637A-1E86-49C0-8BBB-F91260F9058F}.Debug|Any CPU.ActiveCfg = Debug|Any CPU
		{67C7637A-1E86-49C0-8BBB-F91260F9058F}.Debug|Any CPU.Build.0 = Debug|Any CPU
		{67C7637A-1E86-49C0-8BBB-F91260F9058F}.Release|Any CPU.ActiveCfg = Release|Any CPU
		{67C7637A-1E86-49C0-8BBB-F91260F9058F}.Release|Any CPU.Build.0 = Release|Any CPU
		{BEFA0F34-2594-4E77-88A9-4DF2B535343A}.Debug|Any CPU.ActiveCfg = Debug|Any CPU
		{BEFA0F34-2594-4E77-88A9-4DF2B535343A}.Debug|Any CPU.Build.0 = Debug|Any CPU
		{BEFA0F34-2594-4E77-88A9-4DF2B535343A}.Release|Any CPU.ActiveCfg = Release|Any CPU
		{BEFA0F34-2594-4E77-88A9-4DF2B535343A}.Release|Any CPU.Build.0 = Release|Any CPU
		{803BBEFE-A5AF-4C43-87FC-DA9132F18498}.Debug|Any CPU.ActiveCfg = Debug|Any CPU
		{803BBEFE-A5AF-4C43-87FC-DA9132F18498}.Debug|Any CPU.Build.0 = Debug|Any CPU
		{803BBEFE-A5AF-4C43-87FC-DA9132F18498}.Release|Any CPU.ActiveCfg = Release|Any CPU
		{803BBEFE-A5AF-4C43-87FC-DA9132F18498}.Release|Any CPU.Build.0 = Release|Any CPU
		{3BADD396-E830-468B-B2D8-A52FD5E6C6BD}.Debug|Any CPU.ActiveCfg = Debug|Any CPU
		{3BADD396-E830-468B-B2D8-A52FD5E6C6BD}.Debug|Any CPU.Build.0 = Debug|Any CPU
		{3BADD396-E830-468B-B2D8-A52FD5E6C6BD}.Release|Any CPU.ActiveCfg = Release|Any CPU
		{3BADD396-E830-468B-B2D8-A52FD5E6C6BD}.Release|Any CPU.Build.0 = Release|Any CPU
		{5FA252B6-6FDA-451E-BE5E-F6D82EDE9AB1}.Debug|Any CPU.ActiveCfg = Debug|Any CPU
		{5FA252B6-6FDA-451E-BE5E-F6D82EDE9AB1}.Debug|Any CPU.Build.0 = Debug|Any CPU
		{5FA252B6-6FDA-451E-BE5E-F6D82EDE9AB1}.Release|Any CPU.ActiveCfg = Release|Any CPU
		{5FA252B6-6FDA-451E-BE5E-F6D82EDE9AB1}.Release|Any CPU.Build.0 = Release|Any CPU
	EndGlobalSection
	GlobalSection(SolutionProperties) = preSolution
		HideSolutionNode = FALSE
	EndGlobalSection
	GlobalSection(NestedProjects) = preSolution
		{45077DFB-D35A-4491-993C-2AC4C8AC838E} = {38F30F45-7DB6-4097-BA85-788ACCCBC5F2}
		{5B29B975-B0AC-46B3-8398-4C8A22EAE355} = {38F30F45-7DB6-4097-BA85-788ACCCBC5F2}
		{4E880812-C336-4EB2-9FED-2E437957F50A} = {38F30F45-7DB6-4097-BA85-788ACCCBC5F2}
		{5CC5900C-50FE-4D78-9E4F-7CE267355622} = {2D4838F0-251E-4383-9DAD-7FF91B0E0606}
		{E6801B38-0264-456C-B8E6-A73262B6CBA7} = {6F925183-31E6-4DEB-BAB1-80F330B9E199}
		{3716FB3C-CDC3-45E7-9809-CF7F2DD30388} = {0027B7D2-664D-4872-AE99-BA2A2BCA6B2E}
		{4B1A6E00-C5E7-4DA7-B234-36EA35CC9B44} = {147A1144-45E8-448A-9FD7-511C999E5727}
		{19560515-92A4-4955-BDD9-E1CDA7E8A3BC} = {6F925183-31E6-4DEB-BAB1-80F330B9E199}
		{C56B8C71-AEFB-4B4C-9545-03F6A646A998} = {B4C40E02-E06A-4359-BDC5-349E103366AD}
		{8401BAD4-7658-4357-859C-19F40E731848} = {92F3CAD3-DBF4-4587-A14D-8DECE4077D0C}
		{681C6E43-9F8E-4A9B-AD03-12702CF47720} = {0027B7D2-664D-4872-AE99-BA2A2BCA6B2E}
		{A92D009D-2C5B-46BC-893A-7AE995EE8814} = {6F925183-31E6-4DEB-BAB1-80F330B9E199}
		{C7AF2FD1-8490-4238-B40D-7245872FCFEC} = {69169108-92D3-411D-87EB-DF2DD026FE64}
		{F8E82C2E-0F24-4CD1-981D-436D08F73587} = {6F925183-31E6-4DEB-BAB1-80F330B9E199}
		{8D3FF4E3-4C56-4FA6-81CC-686DE037FF59} = {38F30F45-7DB6-4097-BA85-788ACCCBC5F2}
		{CD0F866F-FF61-456B-AAEA-9960B17107E3} = {8D3FF4E3-4C56-4FA6-81CC-686DE037FF59}
		{80A478DE-09AD-4C60-B446-73946D8B0E51} = {6F925183-31E6-4DEB-BAB1-80F330B9E199}
		{2E843175-B948-4D90-A11B-415EE67D9E1A} = {92F3CAD3-DBF4-4587-A14D-8DECE4077D0C}
		{D4938E22-22C3-4364-A710-557B63954B5E} = {147A1144-45E8-448A-9FD7-511C999E5727}
		{2D254550-CE54-43A2-8AE9-FAA72F2C0FD6} = {6F925183-31E6-4DEB-BAB1-80F330B9E199}
		{94790DB1-AC71-48BF-8665-D04C86064231} = {175276C1-45BB-4C30-BB93-4CB2C2D4A60C}
		{34A92D4D-B94A-4674-BBA4-8D2F80BECCB6} = {147A1144-45E8-448A-9FD7-511C999E5727}
		{081A8E1E-B431-4044-B4B7-203BD1E00589} = {84C68A6F-ECE0-467E-91C0-AE63AC4FC4C7}
		{E974EBC1-B6C9-4BC0-AFA5-33EB182CB6A6} = {6F925183-31E6-4DEB-BAB1-80F330B9E199}
		{5486F6D4-6144-470A-BEB5-270C4D02486B} = {98FE9DF6-4B31-4A0D-A4F9-74196114CD9D}
		{C6B46863-6A6E-4BC0-84F6-EF9DCBCA77D1} = {84C68A6F-ECE0-467E-91C0-AE63AC4FC4C7}
		{728EBD5B-266E-4476-9BDC-37D12194AFE2} = {175276C1-45BB-4C30-BB93-4CB2C2D4A60C}
		{2D4838F0-251E-4383-9DAD-7FF91B0E0606} = {45077DFB-D35A-4491-993C-2AC4C8AC838E}
		{C0A05428-767E-46C5-A31F-0D220E41F7C5} = {38F30F45-7DB6-4097-BA85-788ACCCBC5F2}
		{362A9E6F-A253-4D17-B164-C037609DD67B} = {7C9FFA1B-D992-4E3F-B2B1-74D86E81512D}
		{9ADA8E1F-F444-472C-914C-9AF2386B2D0D} = {362A9E6F-A253-4D17-B164-C037609DD67B}
		{9052327F-0A55-43C2-808A-B315D12A1EB1} = {7C9FFA1B-D992-4E3F-B2B1-74D86E81512D}
		{973AC418-7E56-44F0-83B8-C316565BB0E5} = {9052327F-0A55-43C2-808A-B315D12A1EB1}
		{309813E4-D6E9-4B25-949F-49B808F4DFF7} = {362A9E6F-A253-4D17-B164-C037609DD67B}
		{53FDEAC2-ADEB-4E02-AF44-DC986672A02E} = {9052327F-0A55-43C2-808A-B315D12A1EB1}
		{356FB416-1C32-4B59-91B4-62F62CBE394E} = {84C68A6F-ECE0-467E-91C0-AE63AC4FC4C7}
		{7212EE31-82F0-4741-B55F-7BCE0A3DFC5A} = {7C9FFA1B-D992-4E3F-B2B1-74D86E81512D}
		{4C1341A9-F5E2-4AB1-A504-5D815CAEEAF3} = {7212EE31-82F0-4741-B55F-7BCE0A3DFC5A}
		{4C7CFA3D-355B-434F-8442-2B0970BF02C5} = {7212EE31-82F0-4741-B55F-7BCE0A3DFC5A}
		{9508136B-0879-4BF2-B694-3B6242715BE7} = {175276C1-45BB-4C30-BB93-4CB2C2D4A60C}
		{147A1144-45E8-448A-9FD7-511C999E5727} = {45077DFB-D35A-4491-993C-2AC4C8AC838E}
		{0027B7D2-664D-4872-AE99-BA2A2BCA6B2E} = {45077DFB-D35A-4491-993C-2AC4C8AC838E}
		{92F3CAD3-DBF4-4587-A14D-8DECE4077D0C} = {45077DFB-D35A-4491-993C-2AC4C8AC838E}
		{69169108-92D3-411D-87EB-DF2DD026FE64} = {45077DFB-D35A-4491-993C-2AC4C8AC838E}
		{175276C1-45BB-4C30-BB93-4CB2C2D4A60C} = {45077DFB-D35A-4491-993C-2AC4C8AC838E}
		{84C68A6F-ECE0-467E-91C0-AE63AC4FC4C7} = {45077DFB-D35A-4491-993C-2AC4C8AC838E}
		{98FE9DF6-4B31-4A0D-A4F9-74196114CD9D} = {45077DFB-D35A-4491-993C-2AC4C8AC838E}
		{7C9FFA1B-D992-4E3F-B2B1-74D86E81512D} = {C0A05428-767E-46C5-A31F-0D220E41F7C5}
		{6F925183-31E6-4DEB-BAB1-80F330B9E199} = {5B29B975-B0AC-46B3-8398-4C8A22EAE355}
		{B4C40E02-E06A-4359-BDC5-349E103366AD} = {5B29B975-B0AC-46B3-8398-4C8A22EAE355}
		{BC6B8583-4F0F-45AD-BF71-1D998AA65869} = {84C68A6F-ECE0-467E-91C0-AE63AC4FC4C7}
		{F37BBDB4-EB48-42E4-8CB1-D459F5EF3C3F} = {B4C40E02-E06A-4359-BDC5-349E103366AD}
		{67C7637A-1E86-49C0-8BBB-F91260F9058F} = {0027B7D2-664D-4872-AE99-BA2A2BCA6B2E}
		{BEFA0F34-2594-4E77-88A9-4DF2B535343A} = {4E880812-C336-4EB2-9FED-2E437957F50A}
		{803BBEFE-A5AF-4C43-87FC-DA9132F18498} = {4E880812-C336-4EB2-9FED-2E437957F50A}
		{3BADD396-E830-468B-B2D8-A52FD5E6C6BD} = {4E880812-C336-4EB2-9FED-2E437957F50A}
		{5FA252B6-6FDA-451E-BE5E-F6D82EDE9AB1} = {4E880812-C336-4EB2-9FED-2E437957F50A}
	EndGlobalSection
	GlobalSection(ExtensibilityGlobals) = postSolution
		SolutionGuid = {0143C230-7F40-44B2-8BA3-EF5B92D55848}
	EndGlobalSection
EndGlobal
