
Microsoft Visual Studio Solution File, Format Version 12.00
# Visual Studio 15
VisualStudioVersion = 15.0.28010.2026
MinimumVisualStudioVersion = 10.0.40219.1
Project("{2150E333-8FDC-42A3-9474-1A3956D46DE8}") = "Cms", "Cms", "{C45D03E7-0453-4199-A5DE-E61B5FF29AF4}"
EndProject
Project("{2150E333-8FDC-42A3-9474-1A3956D46DE8}") = "Heart", "Heart", "{C28E20DA-23BA-4B69-8F00-725057F9082E}"
	ProjectSection(SolutionItems) = preProject
		Mix.Cms.Lib\ViewModels\Shared\Info\InfoThemeViewModel.cs = Mix.Cms.Lib\ViewModels\Shared\Info\InfoThemeViewModel.cs
	EndProjectSection
EndProject
Project("{9A19103F-16F7-4668-BE54-9A1E7A4F7556}") = "Mix.Cms.Web", "Mix.Cms.Web\Mix.Cms.Web.csproj", "{0E27FDA9-70B1-41AD-8465-3E56EA78F0DF}"
EndProject
Project("{9A19103F-16F7-4668-BE54-9A1E7A4F7556}") = "Mix.Cms.Api", "Mix.Cms.Api\Mix.Cms.Api.csproj", "{BC4D7CE6-F507-482E-A939-B9F8D6533929}"
EndProject
Project("{9A19103F-16F7-4668-BE54-9A1E7A4F7556}") = "Mix.Heart", "..\..\mix.heart\src\Mix.Heart\Mix.Heart.csproj", "{914E90A4-ED4C-40E9-A005-B825B4E38062}"
EndProject
Project("{9A19103F-16F7-4668-BE54-9A1E7A4F7556}") = "Mix.Cms.Lib", "Mix.Cms.Lib\Mix.Cms.Lib.csproj", "{46A6FAC4-B138-4AB8-AAB2-597EE1774371}"
EndProject
Project("{9A19103F-16F7-4668-BE54-9A1E7A4F7556}") = "Mix.Identity", "..\..\mix.identity\src\Mix.Identity\Mix.Identity.csproj", "{37ABE40A-13D7-4604-AD4B-540F4093BB1B}"
EndProject
Project("{FAE04EC0-301F-11D3-BF4B-00C04F79EFBC}") = "Mix.Cms.Hub", "Mix.Cms.Hub\Mix.Cms.Hub.csproj", "{22C892C8-633B-406B-B8A8-F10F676F4C19}"
EndProject
Global
	GlobalSection(SolutionConfigurationPlatforms) = preSolution
		Debug|Any CPU = Debug|Any CPU
		Release|Any CPU = Release|Any CPU
	EndGlobalSection
	GlobalSection(ProjectConfigurationPlatforms) = postSolution
		{0E27FDA9-70B1-41AD-8465-3E56EA78F0DF}.Debug|Any CPU.ActiveCfg = Debug|Any CPU
		{0E27FDA9-70B1-41AD-8465-3E56EA78F0DF}.Debug|Any CPU.Build.0 = Debug|Any CPU
		{0E27FDA9-70B1-41AD-8465-3E56EA78F0DF}.Release|Any CPU.ActiveCfg = Release|Any CPU
		{0E27FDA9-70B1-41AD-8465-3E56EA78F0DF}.Release|Any CPU.Build.0 = Release|Any CPU
		{BC4D7CE6-F507-482E-A939-B9F8D6533929}.Debug|Any CPU.ActiveCfg = Debug|Any CPU
		{BC4D7CE6-F507-482E-A939-B9F8D6533929}.Debug|Any CPU.Build.0 = Debug|Any CPU
		{BC4D7CE6-F507-482E-A939-B9F8D6533929}.Release|Any CPU.ActiveCfg = Release|Any CPU
		{BC4D7CE6-F507-482E-A939-B9F8D6533929}.Release|Any CPU.Build.0 = Release|Any CPU
		{914E90A4-ED4C-40E9-A005-B825B4E38062}.Debug|Any CPU.ActiveCfg = Debug|Any CPU
		{914E90A4-ED4C-40E9-A005-B825B4E38062}.Debug|Any CPU.Build.0 = Debug|Any CPU
		{914E90A4-ED4C-40E9-A005-B825B4E38062}.Release|Any CPU.ActiveCfg = Release|Any CPU
		{914E90A4-ED4C-40E9-A005-B825B4E38062}.Release|Any CPU.Build.0 = Release|Any CPU
		{46A6FAC4-B138-4AB8-AAB2-597EE1774371}.Debug|Any CPU.ActiveCfg = Debug|Any CPU
		{46A6FAC4-B138-4AB8-AAB2-597EE1774371}.Debug|Any CPU.Build.0 = Debug|Any CPU
		{46A6FAC4-B138-4AB8-AAB2-597EE1774371}.Release|Any CPU.ActiveCfg = Release|Any CPU
		{46A6FAC4-B138-4AB8-AAB2-597EE1774371}.Release|Any CPU.Build.0 = Release|Any CPU
		{37ABE40A-13D7-4604-AD4B-540F4093BB1B}.Debug|Any CPU.ActiveCfg = Debug|Any CPU
		{37ABE40A-13D7-4604-AD4B-540F4093BB1B}.Debug|Any CPU.Build.0 = Debug|Any CPU
		{37ABE40A-13D7-4604-AD4B-540F4093BB1B}.Release|Any CPU.ActiveCfg = Release|Any CPU
		{37ABE40A-13D7-4604-AD4B-540F4093BB1B}.Release|Any CPU.Build.0 = Release|Any CPU
		{22C892C8-633B-406B-B8A8-F10F676F4C19}.Debug|Any CPU.ActiveCfg = Debug|Any CPU
		{22C892C8-633B-406B-B8A8-F10F676F4C19}.Debug|Any CPU.Build.0 = Debug|Any CPU
		{22C892C8-633B-406B-B8A8-F10F676F4C19}.Release|Any CPU.ActiveCfg = Release|Any CPU
		{22C892C8-633B-406B-B8A8-F10F676F4C19}.Release|Any CPU.Build.0 = Release|Any CPU
	EndGlobalSection
	GlobalSection(SolutionProperties) = preSolution
		HideSolutionNode = FALSE
	EndGlobalSection
	GlobalSection(NestedProjects) = preSolution
		{0E27FDA9-70B1-41AD-8465-3E56EA78F0DF} = {C45D03E7-0453-4199-A5DE-E61B5FF29AF4}
		{BC4D7CE6-F507-482E-A939-B9F8D6533929} = {C45D03E7-0453-4199-A5DE-E61B5FF29AF4}
		{914E90A4-ED4C-40E9-A005-B825B4E38062} = {C28E20DA-23BA-4B69-8F00-725057F9082E}
		{46A6FAC4-B138-4AB8-AAB2-597EE1774371} = {C45D03E7-0453-4199-A5DE-E61B5FF29AF4}
		{37ABE40A-13D7-4604-AD4B-540F4093BB1B} = {C28E20DA-23BA-4B69-8F00-725057F9082E}
		{22C892C8-633B-406B-B8A8-F10F676F4C19} = {C45D03E7-0453-4199-A5DE-E61B5FF29AF4}
	EndGlobalSection
	GlobalSection(ExtensibilityGlobals) = postSolution
		SolutionGuid = {8B133AF3-4413-4B56-9BEC-8C4509008F85}
	EndGlobalSection
EndGlobal
